{
  "version": 4,
  "terraform_version": "1.0.10",
  "serial": 100,
  "lineage": "9cbca1f8-8910-c707-3b0a-5c03c8621271",
  "outputs": {},
  "resources": [
    {
      "mode": "data",
      "type": "digitalocean_project",
      "name": "advancedlsa",
      "provider": "provider[\"registry.terraform.io/digitalocean/digitalocean\"]",
      "instances": [
        {
          "schema_version": 0,
          "attributes": {
            "created_at": "2021-09-19T03:03:37Z",
            "description": "",
            "environment": "Development",
            "id": "a6b1a713-5a17-40d7-bed1-af2a22d0cd98",
            "is_default": false,
            "name": "advanced linux sysadmin",
            "owner_id": 257793,
            "owner_uuid": "797bee93c6f37b206a6194466f1a107df45998a8",
            "purpose": "book",
            "resources": [],
            "updated_at": "2021-09-19T03:26:37Z"
          },
          "sensitive_attributes": []
        }
      ]
    },
    {
      "mode": "data",
      "type": "digitalocean_ssh_key",
      "name": "terraform",
      "provider": "provider[\"registry.terraform.io/digitalocean/digitalocean\"]",
      "instances": [
        {
          "schema_version": 0,
          "attributes": {
            "fingerprint": "c5:82:99:8d:c3:e8:f0:dd:ef:81:3c:6e:72:a8:e4:43",
            "id": "31322665",
            "name": "advancedlsa-ed25519",
            "public_key": "ssh-ed25519 AAAAC3NzaC1lZDI1NTE5AAAAINjvRik77vZm9Uy8mxnQakfsWLrkpwYLoVT/TdxScoWj advancedlsa_terraform\n"
          },
          "sensitive_attributes": []
        }
      ]
    },
    {
      "mode": "managed",
      "type": "digitalocean_droplet",
      "name": "openstackaio-1",
      "provider": "provider[\"registry.terraform.io/digitalocean/digitalocean\"]",
      "instances": [
        {
          "schema_version": 1,
          "attributes": {
            "backups": false,
            "created_at": "2021-11-01T01:02:37Z",
            "disk": 100,
            "id": "271687888",
            "image": "rockylinux-8-x64",
            "ipv4_address": "167.99.118.32",
            "ipv4_address_private": "10.132.0.4",
            "ipv6": false,
            "ipv6_address": "",
            "ipv6_address_private": null,
            "locked": false,
            "memory": 32768,
            "monitoring": false,
            "name": "openstackaio-1",
            "price_hourly": 0.35714,
            "price_monthly": 240,
            "private_networking": true,
            "region": "nyc3",
            "resize_disk": true,
            "size": "g-8vcpu-32gb",
            "ssh_keys": [
              "31322665"
            ],
            "status": "active",
            "tags": null,
            "urn": "do:droplet:271687888",
            "user_data": null,
            "vcpus": 8,
            "volume_ids": [],
            "vpc_uuid": "9be75620-dc84-11e8-80bc-3cfdfea9fba1"
          },
          "sensitive_attributes": [],
          "private": "eyJzY2hlbWFfdmVyc2lvbiI6IjEifQ==",
          "dependencies": [
            "data.digitalocean_ssh_key.terraform"
          ]
        }
      ]
    },
    {
      "mode": "managed",
      "type": "digitalocean_project_resources",
      "name": "openstackaio-1",
      "provider": "provider[\"registry.terraform.io/digitalocean/digitalocean\"]",
      "instances": [
        {
          "schema_version": 0,
          "attributes": {
            "id": "a6b1a713-5a17-40d7-bed1-af2a22d0cd98",
            "project": "a6b1a713-5a17-40d7-bed1-af2a22d0cd98",
            "resources": [
              "do:droplet:271687888",
              "do:volume:67706c6d-3aaf-11ec-864d-0a58ac147386"
            ]
          },
          "sensitive_attributes": [],
          "private": "bnVsbA==",
          "dependencies": [
            "data.digitalocean_project.advancedlsa",
            "data.digitalocean_ssh_key.terraform",
            "digitalocean_droplet.openstackaio-1",
            "digitalocean_volume.openstackdata"
          ]
        }
      ]
    },
    {
      "mode": "managed",
      "type": "digitalocean_volume",
      "name": "openstackdata",
      "provider": "provider[\"registry.terraform.io/digitalocean/digitalocean\"]",
      "instances": [
        {
          "schema_version": 0,
          "attributes": {
            "description": "volume for openstack shit",
            "droplet_ids": [],
            "filesystem_label": null,
            "filesystem_type": "xfs",
            "id": "67706c6d-3aaf-11ec-864d-0a58ac147386",
            "initial_filesystem_label": null,
            "initial_filesystem_type": "xfs",
            "name": "kvmdata",
            "region": "nyc3",
            "size": 100,
            "snapshot_id": null,
            "tags": null,
            "urn": "do:volume:67706c6d-3aaf-11ec-864d-0a58ac147386"
          },
          "sensitive_attributes": [],
          "private": "bnVsbA=="
        }
      ]
    },
    {
      "mode": "managed",
      "type": "digitalocean_volume_attachment",
      "name": "openstackaio_volume1",
      "provider": "provider[\"registry.terraform.io/digitalocean/digitalocean\"]",
      "instances": [
        {
          "schema_version": 0,
          "attributes": {
            "droplet_id": 271687888,
            "id": "271687888-67706c6d-3aaf-11ec-864d-0a58ac147386-20211101011054410700000001",
            "volume_id": "67706c6d-3aaf-11ec-864d-0a58ac147386"
          },
          "sensitive_attributes": [],
          "private": "bnVsbA==",
          "dependencies": [
            "data.digitalocean_ssh_key.terraform",
            "digitalocean_droplet.openstackaio-1",
            "digitalocean_volume.openstackdata"
          ]
        }
      ]
    }
  ]
}
