{
  "version": 4,
  "terraform_version": "1.1.2",
  "serial": 169,
  "lineage": "9182161d-2dda-d6b4-a789-8481586b33b1",
  "outputs": {},
  "resources": [
    {
      "mode": "data",
      "type": "local_file",
      "name": "startup",
      "provider": "provider[\"registry.terraform.io/hashicorp/local\"]",
      "instances": [
        {
          "schema_version": 0,
          "attributes": {
            "content": "dnf -y install git-core git wget python36 chrony openssh-server python3-devel sudo\nsystemctl stop firewalld\nsystemctl mask firewalld\nsed -i 's/enforcing/permissive/' /etc/sysconfig/selinux\nsed -i 's/enforcing/permissive/' /etc/selinux/config\n#git clone --branch feature/rocky8 --single-branch https://github.com/NeilHanlon/openstack-ansible.git /opt/openstack-ansible\ntouch /etc/cloud/cloud-init.disabled\n#dnf -y install https://repos.fedorapeople.org/repos/openstack/openstack-xena/rdo-release-xena-1.el8.noarch.rpm\ncat \u003c\u003c EOF | tee -a /etc/ssh/sshd_config\n\nMatch User root\n  AllowAgentForwarding no\n\nEOF\n\nsystemctl restart sshd\n#cp /opt/ansible-runtime/lib/python3.6/site-packages/ansible/plugins/connection/ssh.py /etc/ansible/roles/plugins/connection/ssh.py\n",
            "content_base64": "ZG5mIC15IGluc3RhbGwgZ2l0LWNvcmUgZ2l0IHdnZXQgcHl0aG9uMzYgY2hyb255IG9wZW5zc2gtc2VydmVyIHB5dGhvbjMtZGV2ZWwgc3VkbwpzeXN0ZW1jdGwgc3RvcCBmaXJld2FsbGQKc3lzdGVtY3RsIG1hc2sgZmlyZXdhbGxkCnNlZCAtaSAncy9lbmZvcmNpbmcvcGVybWlzc2l2ZS8nIC9ldGMvc3lzY29uZmlnL3NlbGludXgKc2VkIC1pICdzL2VuZm9yY2luZy9wZXJtaXNzaXZlLycgL2V0Yy9zZWxpbnV4L2NvbmZpZwojZ2l0IGNsb25lIC0tYnJhbmNoIGZlYXR1cmUvcm9ja3k4IC0tc2luZ2xlLWJyYW5jaCBodHRwczovL2dpdGh1Yi5jb20vTmVpbEhhbmxvbi9vcGVuc3RhY2stYW5zaWJsZS5naXQgL29wdC9vcGVuc3RhY2stYW5zaWJsZQp0b3VjaCAvZXRjL2Nsb3VkL2Nsb3VkLWluaXQuZGlzYWJsZWQKI2RuZiAteSBpbnN0YWxsIGh0dHBzOi8vcmVwb3MuZmVkb3JhcGVvcGxlLm9yZy9yZXBvcy9vcGVuc3RhY2svb3BlbnN0YWNrLXhlbmEvcmRvLXJlbGVhc2UteGVuYS0xLmVsOC5ub2FyY2gucnBtCmNhdCA8PCBFT0YgfCB0ZWUgLWEgL2V0Yy9zc2gvc3NoZF9jb25maWcKCk1hdGNoIFVzZXIgcm9vdAogIEFsbG93QWdlbnRGb3J3YXJkaW5nIG5vCgpFT0YKCnN5c3RlbWN0bCByZXN0YXJ0IHNzaGQKI2NwIC9vcHQvYW5zaWJsZS1ydW50aW1lL2xpYi9weXRob24zLjYvc2l0ZS1wYWNrYWdlcy9hbnNpYmxlL3BsdWdpbnMvY29ubmVjdGlvbi9zc2gucHkgL2V0Yy9hbnNpYmxlL3JvbGVzL3BsdWdpbnMvY29ubmVjdGlvbi9zc2gucHkK",
            "filename": "./files/startup.sh",
            "id": "58efcfcffe2afd977420573c7c6186c0abb92d0a"
          },
          "sensitive_attributes": []
        }
      ]
    },
    {
      "mode": "data",
      "type": "vultr_startup_script",
      "name": "script",
      "provider": "provider[\"registry.terraform.io/vultr/vultr\"]",
      "instances": [
        {
          "schema_version": 0,
          "attributes": {
            "date_created": "2021-10-30T21:37:07+00:00",
            "date_modified": "2021-12-05T22:23:54+00:00",
            "filter": [
              {
                "name": "name",
                "values": [
                  "advancedlsa"
                ]
              }
            ],
            "id": "0eeabbfb-2d2f-4797-a85a-82d3e1f235bd",
            "name": "advancedlsa",
            "script": "ZG5mIC15IGluc3RhbGwgZ2l0LWNvcmUgZ2l0IHdnZXQgcHl0aG9uMzYgY2hyb255IG9wZW5zc2gtc2VydmVyIHB5dGhvbjMtZGV2ZWwgc3VkbwpzeXN0ZW1jdGwgc3RvcCBmaXJld2FsbGQKc3lzdGVtY3RsIG1hc2sgZmlyZXdhbGxkCnNlZCAtaSAncy9lbmZvcmNpbmcvcGVybWlzc2l2ZS8nIC9ldGMvc3lzY29uZmlnL3NlbGludXgKc2VkIC1pICdzL2VuZm9yY2luZy9wZXJtaXNzaXZlLycgL2V0Yy9zZWxpbnV4L2NvbmZpZwojZ2l0IGNsb25lIC0tYnJhbmNoIGZlYXR1cmUvcm9ja3k4IC0tc2luZ2xlLWJyYW5jaCBodHRwczovL2dpdGh1Yi5jb20vTmVpbEhhbmxvbi9vcGVuc3RhY2stYW5zaWJsZS5naXQgL29wdC9vcGVuc3RhY2stYW5zaWJsZQp0b3VjaCAvZXRjL2Nsb3VkL2Nsb3VkLWluaXQuZGlzYWJsZWQKI2RuZiAteSBpbnN0YWxsIGh0dHBzOi8vcmVwb3MuZmVkb3JhcGVvcGxlLm9yZy9yZXBvcy9vcGVuc3RhY2svb3BlbnN0YWNrLXhlbmEvcmRvLXJlbGVhc2UteGVuYS0xLmVsOC5ub2FyY2gucnBtCmNhdCA8PCBFT0YgfCB0ZWUgLWEgL2V0Yy9zc2gvc3NoZF9jb25maWcKCk1hdGNoIFVzZXIgcm9vdAogIEFsbG93QWdlbnRGb3J3YXJkaW5nIG5vCgpFT0YKCnN5c3RlbWN0bCByZXN0YXJ0IHNzaGQKI2NwIC9vcHQvYW5zaWJsZS1ydW50aW1lL2xpYi9weXRob24zLjYvc2l0ZS1wYWNrYWdlcy9hbnNpYmxlL3BsdWdpbnMvY29ubmVjdGlvbi9zc2gucHkgL2V0Yy9hbnNpYmxlL3JvbGVzL3BsdWdpbnMvY29ubmVjdGlvbi9zc2gucHkK",
            "type": "boot"
          },
          "sensitive_attributes": []
        }
      ]
    },
    {
      "mode": "managed",
      "type": "vultr_private_network",
      "name": "mgmt",
      "provider": "provider[\"registry.terraform.io/vultr/vultr\"]",
      "instances": [
        {
          "schema_version": 0,
          "attributes": {
            "date_created": "2021-10-30T21:37:07+00:00",
            "description": "Management network",
            "id": "52bf92d4-a2cd-4266-b8a4-5dbd4190b174",
            "region": "ewr",
            "v4_subnet": "172.29.220.0",
            "v4_subnet_mask": 22
          },
          "sensitive_attributes": [],
          "private": "bnVsbA=="
        }
      ]
    },
    {
      "mode": "managed",
      "type": "vultr_private_network",
      "name": "mgmt2",
      "provider": "provider[\"registry.terraform.io/vultr/vultr\"]",
      "instances": [
        {
          "schema_version": 0,
          "attributes": {
            "date_created": "2021-12-05T22:09:55+00:00",
            "description": "Management network",
            "id": "e11bbba9-c00a-4e88-bf49-075b880692c3",
            "region": "ewr",
            "v4_subnet": "172.29.220.0",
            "v4_subnet_mask": 22
          },
          "sensitive_attributes": [],
          "private": "bnVsbA=="
        }
      ]
    },
    {
      "mode": "managed",
      "type": "vultr_private_network",
      "name": "storage",
      "provider": "provider[\"registry.terraform.io/vultr/vultr\"]",
      "instances": [
        {
          "schema_version": 0,
          "attributes": {
            "date_created": "2021-10-30T21:37:07+00:00",
            "description": "Storage Network",
            "id": "ec94cea3-8385-49dd-930c-b2f0a1304a16",
            "region": "ewr",
            "v4_subnet": "172.29.228.0",
            "v4_subnet_mask": 22
          },
          "sensitive_attributes": [],
          "private": "bnVsbA=="
        }
      ]
    },
    {
      "mode": "managed",
      "type": "vultr_private_network",
      "name": "tunnel",
      "provider": "provider[\"registry.terraform.io/vultr/vultr\"]",
      "instances": [
        {
          "schema_version": 0,
          "attributes": {
            "date_created": "2021-10-30T21:37:07+00:00",
            "description": "Tunnel (VXLAN) network",
            "id": "6bc8c36b-c3b1-4710-9880-c8ad4a53399c",
            "region": "ewr",
            "v4_subnet": "172.29.224.0",
            "v4_subnet_mask": 22
          },
          "sensitive_attributes": [],
          "private": "bnVsbA=="
        }
      ]
    },
    {
      "mode": "managed",
      "type": "vultr_private_network",
      "name": "tunnel2",
      "provider": "provider[\"registry.terraform.io/vultr/vultr\"]",
      "instances": [
        {
          "schema_version": 0,
          "attributes": {
            "date_created": "2021-12-05T22:09:55+00:00",
            "description": "Tunnel (VXLAN) network",
            "id": "0ccc4d19-501e-46cb-a8de-174756d233de",
            "region": "ewr",
            "v4_subnet": "172.29.224.0",
            "v4_subnet_mask": 22
          },
          "sensitive_attributes": [],
          "private": "bnVsbA=="
        }
      ]
    },
    {
      "mode": "managed",
      "type": "vultr_ssh_key",
      "name": "terraform",
      "provider": "provider[\"registry.terraform.io/vultr/vultr\"]",
      "instances": [
        {
          "schema_version": 0,
          "attributes": {
            "date_created": "2021-10-30T21:37:07+00:00",
            "id": "f57eb103-38ce-4a82-a5de-3ffcf1646792",
            "name": "advancedlsa-ed25519",
            "ssh_key": "ssh-ed25519 AAAAC3NzaC1lZDI1NTE5AAAAINjvRik77vZm9Uy8mxnQakfsWLrkpwYLoVT/TdxScoWj advancedlsa_terraform"
          },
          "sensitive_attributes": [],
          "private": "bnVsbA=="
        }
      ]
    },
    {
      "mode": "managed",
      "type": "vultr_startup_script",
      "name": "startup_ala",
      "provider": "provider[\"registry.terraform.io/vultr/vultr\"]",
      "instances": [
        {
          "schema_version": 0,
          "attributes": {
            "date_created": "2021-10-30T21:37:07+00:00",
            "date_modified": "2021-12-05T22:23:54+00:00",
            "id": "0eeabbfb-2d2f-4797-a85a-82d3e1f235bd",
            "name": "advancedlsa",
            "script": "ZG5mIC15IGluc3RhbGwgZ2l0LWNvcmUgZ2l0IHdnZXQgcHl0aG9uMzYgY2hyb255IG9wZW5zc2gtc2VydmVyIHB5dGhvbjMtZGV2ZWwgc3VkbwpzeXN0ZW1jdGwgc3RvcCBmaXJld2FsbGQKc3lzdGVtY3RsIG1hc2sgZmlyZXdhbGxkCnNlZCAtaSAncy9lbmZvcmNpbmcvcGVybWlzc2l2ZS8nIC9ldGMvc3lzY29uZmlnL3NlbGludXgKc2VkIC1pICdzL2VuZm9yY2luZy9wZXJtaXNzaXZlLycgL2V0Yy9zZWxpbnV4L2NvbmZpZwojZ2l0IGNsb25lIC0tYnJhbmNoIGZlYXR1cmUvcm9ja3k4IC0tc2luZ2xlLWJyYW5jaCBodHRwczovL2dpdGh1Yi5jb20vTmVpbEhhbmxvbi9vcGVuc3RhY2stYW5zaWJsZS5naXQgL29wdC9vcGVuc3RhY2stYW5zaWJsZQp0b3VjaCAvZXRjL2Nsb3VkL2Nsb3VkLWluaXQuZGlzYWJsZWQKI2RuZiAteSBpbnN0YWxsIGh0dHBzOi8vcmVwb3MuZmVkb3JhcGVvcGxlLm9yZy9yZXBvcy9vcGVuc3RhY2svb3BlbnN0YWNrLXhlbmEvcmRvLXJlbGVhc2UteGVuYS0xLmVsOC5ub2FyY2gucnBtCmNhdCA8PCBFT0YgfCB0ZWUgLWEgL2V0Yy9zc2gvc3NoZF9jb25maWcKCk1hdGNoIFVzZXIgcm9vdAogIEFsbG93QWdlbnRGb3J3YXJkaW5nIG5vCgpFT0YKCnN5c3RlbWN0bCByZXN0YXJ0IHNzaGQKI2NwIC9vcHQvYW5zaWJsZS1ydW50aW1lL2xpYi9weXRob24zLjYvc2l0ZS1wYWNrYWdlcy9hbnNpYmxlL3BsdWdpbnMvY29ubmVjdGlvbi9zc2gucHkgL2V0Yy9hbnNpYmxlL3JvbGVzL3BsdWdpbnMvY29ubmVjdGlvbi9zc2gucHkK",
            "type": "boot"
          },
          "sensitive_attributes": [],
          "private": "bnVsbA==",
          "dependencies": [
            "data.local_file.startup"
          ]
        }
      ]
    }
  ]
}
