{
  "version": 4,
  "terraform_version": "1.1.2",
  "serial": 174,
  "lineage": "9182161d-2dda-d6b4-a789-8481586b33b1",
  "outputs": {},
  "resources": [
    {
      "mode": "data",
      "type": "local_file",
      "name": "startup",
      "provider": "provider[\"registry.terraform.io/hashicorp/local\"]",
      "instances": [
        {
          "schema_version": 0,
          "attributes": {
            "content": "dnf -y install git-core git wget python36 chrony openssh-server python3-devel sudo\nsystemctl stop firewalld\nsystemctl mask firewalld\nsed -i 's/enforcing/permissive/' /etc/sysconfig/selinux\nsed -i 's/enforcing/permissive/' /etc/selinux/config\n#git clone --branch feature/rocky8 --single-branch https://github.com/NeilHanlon/openstack-ansible.git /opt/openstack-ansible\ntouch /etc/cloud/cloud-init.disabled\n#dnf -y install https://repos.fedorapeople.org/repos/openstack/openstack-xena/rdo-release-xena-1.el8.noarch.rpm\ncat \u003c\u003c EOF | tee -a /etc/ssh/sshd_config\n\nMatch User root\n  AllowAgentForwarding no\n\nEOF\n\nsystemctl restart sshd\n#cp /opt/ansible-runtime/lib/python3.6/site-packages/ansible/plugins/connection/ssh.py /etc/ansible/roles/plugins/connection/ssh.py\n",
            "content_base64": "ZG5mIC15IGluc3RhbGwgZ2l0LWNvcmUgZ2l0IHdnZXQgcHl0aG9uMzYgY2hyb255IG9wZW5zc2gtc2VydmVyIHB5dGhvbjMtZGV2ZWwgc3VkbwpzeXN0ZW1jdGwgc3RvcCBmaXJld2FsbGQKc3lzdGVtY3RsIG1hc2sgZmlyZXdhbGxkCnNlZCAtaSAncy9lbmZvcmNpbmcvcGVybWlzc2l2ZS8nIC9ldGMvc3lzY29uZmlnL3NlbGludXgKc2VkIC1pICdzL2VuZm9yY2luZy9wZXJtaXNzaXZlLycgL2V0Yy9zZWxpbnV4L2NvbmZpZwojZ2l0IGNsb25lIC0tYnJhbmNoIGZlYXR1cmUvcm9ja3k4IC0tc2luZ2xlLWJyYW5jaCBodHRwczovL2dpdGh1Yi5jb20vTmVpbEhhbmxvbi9vcGVuc3RhY2stYW5zaWJsZS5naXQgL29wdC9vcGVuc3RhY2stYW5zaWJsZQp0b3VjaCAvZXRjL2Nsb3VkL2Nsb3VkLWluaXQuZGlzYWJsZWQKI2RuZiAteSBpbnN0YWxsIGh0dHBzOi8vcmVwb3MuZmVkb3JhcGVvcGxlLm9yZy9yZXBvcy9vcGVuc3RhY2svb3BlbnN0YWNrLXhlbmEvcmRvLXJlbGVhc2UteGVuYS0xLmVsOC5ub2FyY2gucnBtCmNhdCA8PCBFT0YgfCB0ZWUgLWEgL2V0Yy9zc2gvc3NoZF9jb25maWcKCk1hdGNoIFVzZXIgcm9vdAogIEFsbG93QWdlbnRGb3J3YXJkaW5nIG5vCgpFT0YKCnN5c3RlbWN0bCByZXN0YXJ0IHNzaGQKI2NwIC9vcHQvYW5zaWJsZS1ydW50aW1lL2xpYi9weXRob24zLjYvc2l0ZS1wYWNrYWdlcy9hbnNpYmxlL3BsdWdpbnMvY29ubmVjdGlvbi9zc2gucHkgL2V0Yy9hbnNpYmxlL3JvbGVzL3BsdWdpbnMvY29ubmVjdGlvbi9zc2gucHkK",
            "filename": "./files/startup.sh",
            "id": "58efcfcffe2afd977420573c7c6186c0abb92d0a"
          },
          "sensitive_attributes": []
        }
      ]
    },
    {
      "mode": "data",
      "type": "vultr_startup_script",
      "name": "script",
      "provider": "provider[\"registry.terraform.io/vultr/vultr\"]",
      "instances": [
        {
          "schema_version": 0,
          "attributes": {
            "date_created": "2021-10-30T21:37:07+00:00",
            "date_modified": "2021-12-05T22:23:54+00:00",
            "filter": [
              {
                "name": "name",
                "values": [
                  "advancedlsa"
                ]
              }
            ],
            "id": "0eeabbfb-2d2f-4797-a85a-82d3e1f235bd",
            "name": "advancedlsa",
            "script": "ZG5mIC15IGluc3RhbGwgZ2l0LWNvcmUgZ2l0IHdnZXQgcHl0aG9uMzYgY2hyb255IG9wZW5zc2gtc2VydmVyIHB5dGhvbjMtZGV2ZWwgc3VkbwpzeXN0ZW1jdGwgc3RvcCBmaXJld2FsbGQKc3lzdGVtY3RsIG1hc2sgZmlyZXdhbGxkCnNlZCAtaSAncy9lbmZvcmNpbmcvcGVybWlzc2l2ZS8nIC9ldGMvc3lzY29uZmlnL3NlbGludXgKc2VkIC1pICdzL2VuZm9yY2luZy9wZXJtaXNzaXZlLycgL2V0Yy9zZWxpbnV4L2NvbmZpZwojZ2l0IGNsb25lIC0tYnJhbmNoIGZlYXR1cmUvcm9ja3k4IC0tc2luZ2xlLWJyYW5jaCBodHRwczovL2dpdGh1Yi5jb20vTmVpbEhhbmxvbi9vcGVuc3RhY2stYW5zaWJsZS5naXQgL29wdC9vcGVuc3RhY2stYW5zaWJsZQp0b3VjaCAvZXRjL2Nsb3VkL2Nsb3VkLWluaXQuZGlzYWJsZWQKI2RuZiAteSBpbnN0YWxsIGh0dHBzOi8vcmVwb3MuZmVkb3JhcGVvcGxlLm9yZy9yZXBvcy9vcGVuc3RhY2svb3BlbnN0YWNrLXhlbmEvcmRvLXJlbGVhc2UteGVuYS0xLmVsOC5ub2FyY2gucnBtCmNhdCA8PCBFT0YgfCB0ZWUgLWEgL2V0Yy9zc2gvc3NoZF9jb25maWcKCk1hdGNoIFVzZXIgcm9vdAogIEFsbG93QWdlbnRGb3J3YXJkaW5nIG5vCgpFT0YKCnN5c3RlbWN0bCByZXN0YXJ0IHNzaGQKI2NwIC9vcHQvYW5zaWJsZS1ydW50aW1lL2xpYi9weXRob24zLjYvc2l0ZS1wYWNrYWdlcy9hbnNpYmxlL3BsdWdpbnMvY29ubmVjdGlvbi9zc2gucHkgL2V0Yy9hbnNpYmxlL3JvbGVzL3BsdWdpbnMvY29ubmVjdGlvbi9zc2gucHkK",
            "type": "boot"
          },
          "sensitive_attributes": []
        }
      ]
    },
    {
      "mode": "managed",
      "type": "vultr_block_storage",
      "name": "cinder",
      "provider": "provider[\"registry.terraform.io/vultr/vultr\"]",
      "instances": [
        {
          "schema_version": 0,
          "attributes": {
            "attached_to_instance": "a55972fb-5e17-4b56-85ab-8b015ae0abb6",
            "cost": 10,
            "date_created": "2021-12-28T22:51:10+00:00",
            "id": "1b5e5064-bf92-4c80-b6a2-137eefb9fae9",
            "label": "ala-storage-cinder",
            "live": false,
            "mount_id": "ewr-1b5e5064bf924c",
            "region": "ewr",
            "size_gb": 100,
            "status": "active"
          },
          "sensitive_attributes": [],
          "private": "bnVsbA==",
          "dependencies": [
            "vultr_instance.storage1",
            "vultr_private_network.mgmt",
            "vultr_private_network.storage",
            "vultr_ssh_key.terraform"
          ]
        }
      ]
    },
    {
      "mode": "managed",
      "type": "vultr_instance",
      "name": "compute1",
      "provider": "provider[\"registry.terraform.io/vultr/vultr\"]",
      "instances": [
        {
          "schema_version": 0,
          "attributes": {
            "activation_email": false,
            "allowed_bandwidth": 10000,
            "app_id": 0,
            "backups": "disabled",
            "backups_schedule": [],
            "date_created": "2021-12-28T22:50:31+00:00",
            "ddos_protection": false,
            "default_password": "5X+y!6GrB})]-(8W",
            "disk": 110,
            "enable_ipv6": false,
            "enable_private_network": false,
            "features": [],
            "firewall_group_id": "",
            "gateway_v4": "149.28.46.1",
            "hostname": "ala-compute1",
            "id": "4a25c69f-091b-44bb-b259-a46a5b0066ec",
            "image_id": null,
            "internal_ip": "",
            "iso_id": null,
            "kvm": "https://my.vultr.com/subs/vps/novnc/api.php?data=djJ8aENPYTljdElpcVhtbnZJOWVxRU5oeGFtLUtmeFY0dDZ897mFhYW-f4V2aqKWYP-VHbNbRzSV7ju_JKoNSjAwJbmQaN0hOX2yjYYZ9DWm73Lr3KdMWR6xta8Y62oAx7Ir6ndh_eKFcUkjK3IVdCcbTok4xeT4llr-XooMCfmDXYml6PX2i4k-iZeGJ8GY7uG4qO_ZrO5V4LK_z1s0Q5ATR_Fu24PtQP6MPuqte-3LY61OORkIMriF_kZ-hqvSWP5_MtAmyofE",
            "label": "advancedlsa compute",
            "main_ip": "149.28.47.218",
            "netmask_v4": "255.255.254.0",
            "os": "Rocky Linux x64",
            "os_id": 448,
            "plan": "vdc-2c-8gb",
            "power_status": "running",
            "private_network_ids": [
              "6bc8c36b-c3b1-4710-9880-c8ad4a53399c",
              "ec94cea3-8385-49dd-930c-b2f0a1304a16",
              "52bf92d4-a2cd-4266-b8a4-5dbd4190b174"
            ],
            "ram": 8192,
            "region": "ewr",
            "reserved_ip_id": null,
            "script_id": "0eeabbfb-2d2f-4797-a85a-82d3e1f235bd",
            "server_status": "installingbooting",
            "snapshot_id": null,
            "ssh_key_ids": [
              "f57eb103-38ce-4a82-a5de-3ffcf1646792"
            ],
            "status": "active",
            "tag": "advancedlsa",
            "timeouts": null,
            "user_data": null,
            "v6_main_ip": "",
            "v6_network": "",
            "v6_network_size": 0,
            "vcpu_count": 2
          },
          "sensitive_attributes": [],
          "private": "eyJlMmJmYjczMC1lY2FhLTExZTYtOGY4OC0zNDM2M2JjN2M0YzAiOnsiY3JlYXRlIjozNjAwMDAwMDAwMDAwLCJ1cGRhdGUiOjM2MDAwMDAwMDAwMDB9fQ==",
          "dependencies": [
            "vultr_private_network.mgmt",
            "vultr_private_network.storage",
            "vultr_private_network.tunnel",
            "vultr_ssh_key.terraform"
          ]
        }
      ]
    },
    {
      "mode": "managed",
      "type": "vultr_instance",
      "name": "infra1",
      "provider": "provider[\"registry.terraform.io/vultr/vultr\"]",
      "instances": [
        {
          "schema_version": 0,
          "attributes": {
            "activation_email": false,
            "allowed_bandwidth": 10000,
            "app_id": 0,
            "backups": "disabled",
            "backups_schedule": [],
            "date_created": "2021-12-28T22:50:31+00:00",
            "ddos_protection": false,
            "default_password": "!8De]*A_#?nB]4=M",
            "disk": 110,
            "enable_ipv6": false,
            "enable_private_network": false,
            "features": [],
            "firewall_group_id": "",
            "gateway_v4": "45.76.0.1",
            "hostname": "ala-infra1",
            "id": "443c7b6c-b08d-4458-9948-af695e6413a9",
            "image_id": null,
            "internal_ip": "",
            "iso_id": null,
            "kvm": "https://my.vultr.com/subs/vps/novnc/api.php?data=djJ8RlFKSlplUG9xbG9yOGkwdUJfZ1V4OVZpZXNpbjVyaDN8gdo_pi7AIJChB7p3n0mRKMhkQmyqhOtYmGc0mqUkFAymQ95Z7TirVjBes6vyaw-nTrKr2iK_BOUNVS5nvwbD9KzfotESwkMMEWLwPmMvi8dAJS3fETlYcSUzIosDvwSGC8glTfDHp3BSkyypn_vT2jkLI8yuIPvH5a75IMhrSmrbp80mVp2JrWcZMfqw8yvrxnUlTD5MC5gqtUe2ZUBujqOvD4BX25_Sxy9-X7JQUPA",
            "label": "advancedlsa infra controlplane",
            "main_ip": "45.76.0.85",
            "netmask_v4": "255.255.254.0",
            "os": "Rocky Linux x64",
            "os_id": 448,
            "plan": "vdc-2c-8gb",
            "power_status": "running",
            "private_network_ids": [
              "6bc8c36b-c3b1-4710-9880-c8ad4a53399c",
              "ec94cea3-8385-49dd-930c-b2f0a1304a16",
              "52bf92d4-a2cd-4266-b8a4-5dbd4190b174"
            ],
            "ram": 8192,
            "region": "ewr",
            "reserved_ip_id": null,
            "script_id": "0eeabbfb-2d2f-4797-a85a-82d3e1f235bd",
            "server_status": "installingbooting",
            "snapshot_id": null,
            "ssh_key_ids": [
              "f57eb103-38ce-4a82-a5de-3ffcf1646792"
            ],
            "status": "active",
            "tag": "advancedlsa",
            "timeouts": null,
            "user_data": null,
            "v6_main_ip": "",
            "v6_network": "",
            "v6_network_size": 0,
            "vcpu_count": 2
          },
          "sensitive_attributes": [],
          "private": "eyJlMmJmYjczMC1lY2FhLTExZTYtOGY4OC0zNDM2M2JjN2M0YzAiOnsiY3JlYXRlIjozNjAwMDAwMDAwMDAwLCJ1cGRhdGUiOjM2MDAwMDAwMDAwMDB9fQ==",
          "dependencies": [
            "vultr_private_network.mgmt",
            "vultr_private_network.storage",
            "vultr_private_network.tunnel",
            "vultr_ssh_key.terraform"
          ]
        }
      ]
    },
    {
      "mode": "managed",
      "type": "vultr_instance",
      "name": "storage1",
      "provider": "provider[\"registry.terraform.io/vultr/vultr\"]",
      "instances": [
        {
          "schema_version": 0,
          "attributes": {
            "activation_email": false,
            "allowed_bandwidth": 4000,
            "app_id": 0,
            "backups": "disabled",
            "backups_schedule": [],
            "date_created": "2021-12-28T22:50:31+00:00",
            "ddos_protection": false,
            "default_password": "B9(cV}N-M?u_9*tq",
            "disk": 160,
            "enable_ipv6": false,
            "enable_private_network": false,
            "features": [],
            "firewall_group_id": "",
            "gateway_v4": "104.156.226.1",
            "hostname": "ala-storage1",
            "id": "a55972fb-5e17-4b56-85ab-8b015ae0abb6",
            "image_id": null,
            "internal_ip": "",
            "iso_id": null,
            "kvm": "https://my.vultr.com/subs/vps/novnc/api.php?data=djJ8cEk2Mk50RkNPUEE1WVY5MnpOREd2VDJfS1JEM2JVSUx8DPzPEGu1uIi2TBGexITs0qXvUkNzrj8tFRcxijcIQGDVBaayc7pMZUw_FruJsCFIxzP4ctC3mqu66WPZLORPcmLpAFy9p3y9s5AokoKdNOPf07XMjk8ieIyoH3xoen-CI9BAvFH78zkymhyBTRrYa1Pksr9pMRRfGHLAfsGE3o4b8kZ3hfP8AKWoVcQtLkDwtRbqTyy4XBXfFaDDYK0pPpx6jtMM",
            "label": "advancedlsa storage",
            "main_ip": "104.156.227.146",
            "netmask_v4": "255.255.254.0",
            "os": "Rocky Linux x64",
            "os_id": 448,
            "plan": "vc2-4c-8gb",
            "power_status": "running",
            "private_network_ids": [
              "ec94cea3-8385-49dd-930c-b2f0a1304a16",
              "52bf92d4-a2cd-4266-b8a4-5dbd4190b174"
            ],
            "ram": 8192,
            "region": "ewr",
            "reserved_ip_id": null,
            "script_id": "0eeabbfb-2d2f-4797-a85a-82d3e1f235bd",
            "server_status": "installingbooting",
            "snapshot_id": null,
            "ssh_key_ids": [
              "f57eb103-38ce-4a82-a5de-3ffcf1646792"
            ],
            "status": "active",
            "tag": "advancedlsa",
            "timeouts": null,
            "user_data": null,
            "v6_main_ip": "",
            "v6_network": "",
            "v6_network_size": 0,
            "vcpu_count": 4
          },
          "sensitive_attributes": [],
          "private": "eyJlMmJmYjczMC1lY2FhLTExZTYtOGY4OC0zNDM2M2JjN2M0YzAiOnsiY3JlYXRlIjozNjAwMDAwMDAwMDAwLCJ1cGRhdGUiOjM2MDAwMDAwMDAwMDB9fQ==",
          "dependencies": [
            "vultr_private_network.mgmt",
            "vultr_private_network.storage",
            "vultr_ssh_key.terraform"
          ]
        }
      ]
    },
    {
      "mode": "managed",
      "type": "vultr_private_network",
      "name": "mgmt",
      "provider": "provider[\"registry.terraform.io/vultr/vultr\"]",
      "instances": [
        {
          "schema_version": 0,
          "attributes": {
            "date_created": "2021-10-30T21:37:07+00:00",
            "description": "Management network",
            "id": "52bf92d4-a2cd-4266-b8a4-5dbd4190b174",
            "region": "ewr",
            "v4_subnet": "172.29.220.0",
            "v4_subnet_mask": 22
          },
          "sensitive_attributes": [],
          "private": "bnVsbA=="
        }
      ]
    },
    {
      "mode": "managed",
      "type": "vultr_private_network",
      "name": "mgmt2",
      "provider": "provider[\"registry.terraform.io/vultr/vultr\"]",
      "instances": [
        {
          "schema_version": 0,
          "attributes": {
            "date_created": "2021-12-05T22:09:55+00:00",
            "description": "Management network",
            "id": "e11bbba9-c00a-4e88-bf49-075b880692c3",
            "region": "ewr",
            "v4_subnet": "172.29.220.0",
            "v4_subnet_mask": 22
          },
          "sensitive_attributes": [],
          "private": "bnVsbA=="
        }
      ]
    },
    {
      "mode": "managed",
      "type": "vultr_private_network",
      "name": "storage",
      "provider": "provider[\"registry.terraform.io/vultr/vultr\"]",
      "instances": [
        {
          "schema_version": 0,
          "attributes": {
            "date_created": "2021-10-30T21:37:07+00:00",
            "description": "Storage Network",
            "id": "ec94cea3-8385-49dd-930c-b2f0a1304a16",
            "region": "ewr",
            "v4_subnet": "172.29.228.0",
            "v4_subnet_mask": 22
          },
          "sensitive_attributes": [],
          "private": "bnVsbA=="
        }
      ]
    },
    {
      "mode": "managed",
      "type": "vultr_private_network",
      "name": "tunnel",
      "provider": "provider[\"registry.terraform.io/vultr/vultr\"]",
      "instances": [
        {
          "schema_version": 0,
          "attributes": {
            "date_created": "2021-10-30T21:37:07+00:00",
            "description": "Tunnel (VXLAN) network",
            "id": "6bc8c36b-c3b1-4710-9880-c8ad4a53399c",
            "region": "ewr",
            "v4_subnet": "172.29.224.0",
            "v4_subnet_mask": 22
          },
          "sensitive_attributes": [],
          "private": "bnVsbA=="
        }
      ]
    },
    {
      "mode": "managed",
      "type": "vultr_private_network",
      "name": "tunnel2",
      "provider": "provider[\"registry.terraform.io/vultr/vultr\"]",
      "instances": [
        {
          "schema_version": 0,
          "attributes": {
            "date_created": "2021-12-05T22:09:55+00:00",
            "description": "Tunnel (VXLAN) network",
            "id": "0ccc4d19-501e-46cb-a8de-174756d233de",
            "region": "ewr",
            "v4_subnet": "172.29.224.0",
            "v4_subnet_mask": 22
          },
          "sensitive_attributes": [],
          "private": "bnVsbA=="
        }
      ]
    },
    {
      "mode": "managed",
      "type": "vultr_ssh_key",
      "name": "terraform",
      "provider": "provider[\"registry.terraform.io/vultr/vultr\"]",
      "instances": [
        {
          "schema_version": 0,
          "attributes": {
            "date_created": "2021-10-30T21:37:07+00:00",
            "id": "f57eb103-38ce-4a82-a5de-3ffcf1646792",
            "name": "advancedlsa-ed25519",
            "ssh_key": "ssh-ed25519 AAAAC3NzaC1lZDI1NTE5AAAAINjvRik77vZm9Uy8mxnQakfsWLrkpwYLoVT/TdxScoWj advancedlsa_terraform"
          },
          "sensitive_attributes": [],
          "private": "bnVsbA=="
        }
      ]
    },
    {
      "mode": "managed",
      "type": "vultr_startup_script",
      "name": "startup_ala",
      "provider": "provider[\"registry.terraform.io/vultr/vultr\"]",
      "instances": [
        {
          "schema_version": 0,
          "attributes": {
            "date_created": "2021-10-30T21:37:07+00:00",
            "date_modified": "2021-12-05T22:23:54+00:00",
            "id": "0eeabbfb-2d2f-4797-a85a-82d3e1f235bd",
            "name": "advancedlsa",
            "script": "ZG5mIC15IGluc3RhbGwgZ2l0LWNvcmUgZ2l0IHdnZXQgcHl0aG9uMzYgY2hyb255IG9wZW5zc2gtc2VydmVyIHB5dGhvbjMtZGV2ZWwgc3VkbwpzeXN0ZW1jdGwgc3RvcCBmaXJld2FsbGQKc3lzdGVtY3RsIG1hc2sgZmlyZXdhbGxkCnNlZCAtaSAncy9lbmZvcmNpbmcvcGVybWlzc2l2ZS8nIC9ldGMvc3lzY29uZmlnL3NlbGludXgKc2VkIC1pICdzL2VuZm9yY2luZy9wZXJtaXNzaXZlLycgL2V0Yy9zZWxpbnV4L2NvbmZpZwojZ2l0IGNsb25lIC0tYnJhbmNoIGZlYXR1cmUvcm9ja3k4IC0tc2luZ2xlLWJyYW5jaCBodHRwczovL2dpdGh1Yi5jb20vTmVpbEhhbmxvbi9vcGVuc3RhY2stYW5zaWJsZS5naXQgL29wdC9vcGVuc3RhY2stYW5zaWJsZQp0b3VjaCAvZXRjL2Nsb3VkL2Nsb3VkLWluaXQuZGlzYWJsZWQKI2RuZiAteSBpbnN0YWxsIGh0dHBzOi8vcmVwb3MuZmVkb3JhcGVvcGxlLm9yZy9yZXBvcy9vcGVuc3RhY2svb3BlbnN0YWNrLXhlbmEvcmRvLXJlbGVhc2UteGVuYS0xLmVsOC5ub2FyY2gucnBtCmNhdCA8PCBFT0YgfCB0ZWUgLWEgL2V0Yy9zc2gvc3NoZF9jb25maWcKCk1hdGNoIFVzZXIgcm9vdAogIEFsbG93QWdlbnRGb3J3YXJkaW5nIG5vCgpFT0YKCnN5c3RlbWN0bCByZXN0YXJ0IHNzaGQKI2NwIC9vcHQvYW5zaWJsZS1ydW50aW1lL2xpYi9weXRob24zLjYvc2l0ZS1wYWNrYWdlcy9hbnNpYmxlL3BsdWdpbnMvY29ubmVjdGlvbi9zc2gucHkgL2V0Yy9hbnNpYmxlL3JvbGVzL3BsdWdpbnMvY29ubmVjdGlvbi9zc2gucHkK",
            "type": "boot"
          },
          "sensitive_attributes": [],
          "private": "bnVsbA==",
          "dependencies": [
            "data.local_file.startup"
          ]
        }
      ]
    }
  ]
}
