{
  "version": 4,
  "terraform_version": "1.1.2",
  "serial": 350,
  "lineage": "9182161d-2dda-d6b4-a789-8481586b33b1",
  "outputs": {},
  "resources": [
    {
      "mode": "data",
      "type": "local_file",
      "name": "startup",
      "provider": "provider[\"registry.terraform.io/hashicorp/local\"]",
      "instances": [
        {
          "schema_version": 0,
          "attributes": {
            "content": "#dnf -y upgrade \u0026\n#\n#HOSTNAME=\"$(hostname)\"\n#\n#if [[ $(hostname) =~ infra ]]; then\n#    dnf -y install git-core git wget python36 chrony openssh-server python3-devel sudo\n#    git clone --branch feature/rocky8 --single-branch https://github.com/NeilHanlon/openstack-ansible.git /opt/openstack-ansible\n#fi\n#\n## Always stop and mask firewalld\n#systemctl stop firewalld\n#systemctl mask firewalld\n#\n## Always set to permissive.\n#sed -i 's/enforcing/permissive/' /etc/sysconfig/selinux\n#sed -i 's/enforcing/permissive/' /etc/selinux/config\n#\n## Disable agent forwarding, in case user forwards agent, so as not to confuse ansible\n#cat \u003c\u003c EOF | tee -a /etc/ssh/sshd_config\n#Match User root\n#  AllowAgentForwarding no\n#\n#EOF\n#\n#systemctl restart sshd\n#\n#touch /etc/cloud/cloud-init.disabled || exit 1\n#true\n",
            "content_base64": "I2RuZiAteSB1cGdyYWRlICYKIwojSE9TVE5BTUU9IiQoaG9zdG5hbWUpIgojCiNpZiBbWyAkKGhvc3RuYW1lKSA9fiBpbmZyYSBdXTsgdGhlbgojICAgIGRuZiAteSBpbnN0YWxsIGdpdC1jb3JlIGdpdCB3Z2V0IHB5dGhvbjM2IGNocm9ueSBvcGVuc3NoLXNlcnZlciBweXRob24zLWRldmVsIHN1ZG8KIyAgICBnaXQgY2xvbmUgLS1icmFuY2ggZmVhdHVyZS9yb2NreTggLS1zaW5nbGUtYnJhbmNoIGh0dHBzOi8vZ2l0aHViLmNvbS9OZWlsSGFubG9uL29wZW5zdGFjay1hbnNpYmxlLmdpdCAvb3B0L29wZW5zdGFjay1hbnNpYmxlCiNmaQojCiMjIEFsd2F5cyBzdG9wIGFuZCBtYXNrIGZpcmV3YWxsZAojc3lzdGVtY3RsIHN0b3AgZmlyZXdhbGxkCiNzeXN0ZW1jdGwgbWFzayBmaXJld2FsbGQKIwojIyBBbHdheXMgc2V0IHRvIHBlcm1pc3NpdmUuCiNzZWQgLWkgJ3MvZW5mb3JjaW5nL3Blcm1pc3NpdmUvJyAvZXRjL3N5c2NvbmZpZy9zZWxpbnV4CiNzZWQgLWkgJ3MvZW5mb3JjaW5nL3Blcm1pc3NpdmUvJyAvZXRjL3NlbGludXgvY29uZmlnCiMKIyMgRGlzYWJsZSBhZ2VudCBmb3J3YXJkaW5nLCBpbiBjYXNlIHVzZXIgZm9yd2FyZHMgYWdlbnQsIHNvIGFzIG5vdCB0byBjb25mdXNlIGFuc2libGUKI2NhdCA8PCBFT0YgfCB0ZWUgLWEgL2V0Yy9zc2gvc3NoZF9jb25maWcKI01hdGNoIFVzZXIgcm9vdAojICBBbGxvd0FnZW50Rm9yd2FyZGluZyBubwojCiNFT0YKIwojc3lzdGVtY3RsIHJlc3RhcnQgc3NoZAojCiN0b3VjaCAvZXRjL2Nsb3VkL2Nsb3VkLWluaXQuZGlzYWJsZWQgfHwgZXhpdCAxCiN0cnVlCg==",
            "filename": "./files/startup.sh",
            "id": "5f996b64baace058772b3b1aa86db83787468974"
          },
          "sensitive_attributes": []
        }
      ]
    },
    {
      "mode": "data",
      "type": "vultr_startup_script",
      "name": "script",
      "provider": "provider[\"registry.terraform.io/vultr/vultr\"]",
      "instances": [
        {
          "schema_version": 0,
          "attributes": {
            "date_created": "2021-10-30T21:37:07+00:00",
            "date_modified": "2021-12-30T00:30:37+00:00",
            "filter": [
              {
                "name": "name",
                "values": [
                  "advancedlsa"
                ]
              }
            ],
            "id": "0eeabbfb-2d2f-4797-a85a-82d3e1f235bd",
            "name": "advancedlsa",
            "script": "I2RuZiAteSB1cGdyYWRlICYKIwojSE9TVE5BTUU9IiQoaG9zdG5hbWUpIgojCiNpZiBbWyAkKGhvc3RuYW1lKSA9fiBpbmZyYSBdXTsgdGhlbgojICAgIGRuZiAteSBpbnN0YWxsIGdpdC1jb3JlIGdpdCB3Z2V0IHB5dGhvbjM2IGNocm9ueSBvcGVuc3NoLXNlcnZlciBweXRob24zLWRldmVsIHN1ZG8KIyAgICBnaXQgY2xvbmUgLS1icmFuY2ggZmVhdHVyZS9yb2NreTggLS1zaW5nbGUtYnJhbmNoIGh0dHBzOi8vZ2l0aHViLmNvbS9OZWlsSGFubG9uL29wZW5zdGFjay1hbnNpYmxlLmdpdCAvb3B0L29wZW5zdGFjay1hbnNpYmxlCiNmaQojCiMjIEFsd2F5cyBzdG9wIGFuZCBtYXNrIGZpcmV3YWxsZAojc3lzdGVtY3RsIHN0b3AgZmlyZXdhbGxkCiNzeXN0ZW1jdGwgbWFzayBmaXJld2FsbGQKIwojIyBBbHdheXMgc2V0IHRvIHBlcm1pc3NpdmUuCiNzZWQgLWkgJ3MvZW5mb3JjaW5nL3Blcm1pc3NpdmUvJyAvZXRjL3N5c2NvbmZpZy9zZWxpbnV4CiNzZWQgLWkgJ3MvZW5mb3JjaW5nL3Blcm1pc3NpdmUvJyAvZXRjL3NlbGludXgvY29uZmlnCiMKIyMgRGlzYWJsZSBhZ2VudCBmb3J3YXJkaW5nLCBpbiBjYXNlIHVzZXIgZm9yd2FyZHMgYWdlbnQsIHNvIGFzIG5vdCB0byBjb25mdXNlIGFuc2libGUKI2NhdCA8PCBFT0YgfCB0ZWUgLWEgL2V0Yy9zc2gvc3NoZF9jb25maWcKI01hdGNoIFVzZXIgcm9vdAojICBBbGxvd0FnZW50Rm9yd2FyZGluZyBubwojCiNFT0YKIwojc3lzdGVtY3RsIHJlc3RhcnQgc3NoZAojCiN0b3VjaCAvZXRjL2Nsb3VkL2Nsb3VkLWluaXQuZGlzYWJsZWQgfHwgZXhpdCAxCiN0cnVlCg==",
            "type": "boot"
          },
          "sensitive_attributes": []
        }
      ]
    },
    {
      "mode": "managed",
      "type": "vultr_block_storage",
      "name": "cinder",
      "provider": "provider[\"registry.terraform.io/vultr/vultr\"]",
      "instances": [
        {
          "schema_version": 0,
          "attributes": {
            "attached_to_instance": "209a8c17-bb53-469f-bef3-29c6a9410737",
            "cost": 10,
            "date_created": "2022-01-05T18:29:07+00:00",
            "id": "eb6edfd9-e32a-4dc6-9032-f330eede04d8",
            "label": "ala-storage-cinder",
            "live": false,
            "mount_id": "ewr-eb6edfd9e32a4d",
            "region": "ewr",
            "size_gb": 100,
            "status": "active"
          },
          "sensitive_attributes": [],
          "private": "bnVsbA==",
          "dependencies": [
            "vultr_ssh_key.terraform",
            "vultr_instance.storage1",
            "vultr_private_network.mgmt",
            "vultr_private_network.storage"
          ]
        }
      ]
    },
    {
      "mode": "managed",
      "type": "vultr_block_storage",
      "name": "cinder-aio",
      "provider": "provider[\"registry.terraform.io/vultr/vultr\"]",
      "instances": [
        {
          "schema_version": 0,
          "attributes": {
            "attached_to_instance": "6cf69964-82f2-4b2f-8d93-84aea4089bee",
            "cost": 10,
            "date_created": "2022-01-10T04:36:55+00:00",
            "id": "32fdc5e6-923d-4759-b6d3-f322a7b4060f",
            "label": "ala-storage-cinder-aio",
            "live": false,
            "mount_id": "ewr-32fdc5e6923d47",
            "region": "ewr",
            "size_gb": 100,
            "status": "active"
          },
          "sensitive_attributes": [],
          "private": "bnVsbA==",
          "dependencies": [
            "vultr_instance.aio1",
            "vultr_private_network.mgmt2",
            "vultr_ssh_key.terraform"
          ]
        }
      ]
    },
    {
      "mode": "managed",
      "type": "vultr_instance",
      "name": "aio1",
      "provider": "provider[\"registry.terraform.io/vultr/vultr\"]",
      "instances": [
        {
          "status": "tainted",
          "schema_version": 0,
          "attributes": {
            "activation_email": false,
            "allowed_bandwidth": 4000,
            "app_id": 0,
            "backups": "disabled",
            "backups_schedule": [],
            "date_created": "2022-01-10T04:36:22+00:00",
            "ddos_protection": false,
            "default_password": "c-6LUzJ#.?pm6#-N",
            "disk": 160,
            "enable_ipv6": false,
            "enable_private_network": false,
            "features": [],
            "firewall_group_id": "",
            "gateway_v4": "45.76.166.1",
            "hostname": "ala-aio1",
            "id": "6cf69964-82f2-4b2f-8d93-84aea4089bee",
            "image_id": null,
            "internal_ip": "172.29.220.3",
            "iso_id": null,
            "kvm": "https://my.vultr.com/subs/vps/novnc/api.php?data=djJ8aVhDTG1Oc2hUanlKSVZsaWpwUzdxcjJYZk1jYXJKZ098GT2EOwaj4Vgnypy41F299S-2HjASncmlhinN6wh2hr4Cx5cKRZ2Km6hWUVNvK8X-MUNPOrYSz1csXDIZeN4KFt_7w11rnAHgeL5lv8nKqM3eoC_pVMR9L6BglsoxSFtLCrv_aTQbQU3C1iRX6zcs2pahp0RY6Ey83yfNez1HB8vuQzsrPsYt6TQnXRJxfYe61Eir7vnz",
            "label": "aio1",
            "main_ip": "45.76.167.39",
            "netmask_v4": "255.255.254.0",
            "os": "Rocky Linux x64",
            "os_id": 448,
            "plan": "vc2-4c-8gb",
            "power_status": "running",
            "private_network_ids": [
              "e11bbba9-c00a-4e88-bf49-075b880692c3"
            ],
            "ram": 8192,
            "region": "ewr",
            "reserved_ip_id": null,
            "script_id": "0eeabbfb-2d2f-4797-a85a-82d3e1f235bd",
            "server_status": "installingbooting",
            "snapshot_id": null,
            "ssh_key_ids": [
              "f57eb103-38ce-4a82-a5de-3ffcf1646792"
            ],
            "status": "active",
            "tag": "advancedlsa infra aio",
            "timeouts": null,
            "user_data": null,
            "v6_main_ip": "",
            "v6_network": "",
            "v6_network_size": 0,
            "vcpu_count": 4
          },
          "sensitive_attributes": [],
          "private": "eyJlMmJmYjczMC1lY2FhLTExZTYtOGY4OC0zNDM2M2JjN2M0YzAiOnsiY3JlYXRlIjozNjAwMDAwMDAwMDAwLCJ1cGRhdGUiOjM2MDAwMDAwMDAwMDB9fQ==",
          "dependencies": [
            "vultr_private_network.mgmt2",
            "vultr_ssh_key.terraform"
          ]
        }
      ]
    },
    {
      "mode": "managed",
      "type": "vultr_instance",
      "name": "compute1",
      "provider": "provider[\"registry.terraform.io/vultr/vultr\"]",
      "instances": [
        {
          "schema_version": 0,
          "attributes": {
            "activation_email": false,
            "allowed_bandwidth": 10000,
            "app_id": 0,
            "backups": "disabled",
            "backups_schedule": [],
            "date_created": "2022-01-09T20:27:40+00:00",
            "ddos_protection": false,
            "default_password": "tV*3t]k3Xc)G5NVb",
            "disk": 110,
            "enable_ipv6": false,
            "enable_private_network": false,
            "features": [],
            "firewall_group_id": "",
            "gateway_v4": "207.148.22.1",
            "hostname": "ala-compute1",
            "id": "a9847f8a-200c-43b3-abea-a9af32f2dbb3",
            "image_id": null,
            "internal_ip": "",
            "iso_id": null,
            "kvm": "https://my.vultr.com/subs/vps/novnc/api.php?data=djJ8dlBjVjdZM2tSYnpsS2RlRmxXTktweWhXSjhYMWQ3em5838IPdW9SwKilZxhtTqLvFvU1PRtGA2jHmG4rBfuAiFme79Duv8twHqvf2mEfskOuQfIdhxy6TZKBB4HXu5BPNJZUG47x6sDGMttaTWSLQ2LLahTpHcyhp5izqt2mFhGsPovPVmhdHTqTYO8rAKmUg3okbbH6TeoGWTWHfCFteDI4QverAkw0bb8b42jHgh9s04fTYHzuoYV3NQ",
            "label": "compute1",
            "main_ip": "207.148.22.142",
            "netmask_v4": "255.255.254.0",
            "os": "Rocky Linux x64",
            "os_id": 448,
            "plan": "vdc-2c-8gb",
            "power_status": "running",
            "private_network_ids": [
              "6bc8c36b-c3b1-4710-9880-c8ad4a53399c",
              "ec94cea3-8385-49dd-930c-b2f0a1304a16",
              "52bf92d4-a2cd-4266-b8a4-5dbd4190b174"
            ],
            "ram": 8192,
            "region": "ewr",
            "reserved_ip_id": null,
            "script_id": "0eeabbfb-2d2f-4797-a85a-82d3e1f235bd",
            "server_status": "ok",
            "snapshot_id": null,
            "ssh_key_ids": [
              "f57eb103-38ce-4a82-a5de-3ffcf1646792"
            ],
            "status": "active",
            "tag": "advancedlsa compute",
            "timeouts": null,
            "user_data": null,
            "v6_main_ip": "",
            "v6_network": "",
            "v6_network_size": 0,
            "vcpu_count": 2
          },
          "sensitive_attributes": [],
          "private": "eyJlMmJmYjczMC1lY2FhLTExZTYtOGY4OC0zNDM2M2JjN2M0YzAiOnsiY3JlYXRlIjozNjAwMDAwMDAwMDAwLCJ1cGRhdGUiOjM2MDAwMDAwMDAwMDB9fQ==",
          "dependencies": [
            "vultr_private_network.mgmt",
            "vultr_private_network.storage",
            "vultr_private_network.tunnel",
            "vultr_ssh_key.terraform"
          ]
        }
      ]
    },
    {
      "mode": "managed",
      "type": "vultr_instance",
      "name": "infra1",
      "provider": "provider[\"registry.terraform.io/vultr/vultr\"]",
      "instances": [
        {
          "schema_version": 0,
          "attributes": {
            "activation_email": false,
            "allowed_bandwidth": 20000,
            "app_id": 0,
            "backups": "disabled",
            "backups_schedule": [],
            "date_created": "2022-01-09T20:27:40+00:00",
            "ddos_protection": false,
            "default_password": "wZ)4G]}5D{PhJJ%6",
            "disk": 110,
            "enable_ipv6": false,
            "enable_private_network": false,
            "features": [],
            "firewall_group_id": "",
            "gateway_v4": "45.63.6.1",
            "hostname": "ala-infra1",
            "id": "5b39b538-dac4-4e24-aa27-92cef55bb754",
            "image_id": null,
            "internal_ip": "",
            "iso_id": null,
            "kvm": "https://my.vultr.com/subs/vps/novnc/api.php?data=djJ8aHptN0ZwaFJyWmdBaGJJX0lDaE95RzJoTlRfSXQ4Mkp8fQR1NCARr90dbc-r7ArsXvf5wGow2tyWo5fKB93T6P745b30GZAtAkUi-sRRJn-xXC7tsrg0_yz8bxBm4D494B_YZkZt_aHbi0JvzPn9YbMDi5RIfNcRufvphYOvQUAMhtqRbfi8w79J5q5-KFp941G1zcJeFEjql9BB_8lA9chUv34zw1DAFhXp39jRAQn4pBtyYdFl0fM",
            "label": "infra1",
            "main_ip": "45.63.6.161",
            "netmask_v4": "255.255.254.0",
            "os": "Rocky Linux x64",
            "os_id": 448,
            "plan": "vdc-4c-16gb",
            "power_status": "running",
            "private_network_ids": [
              "6bc8c36b-c3b1-4710-9880-c8ad4a53399c",
              "ec94cea3-8385-49dd-930c-b2f0a1304a16",
              "52bf92d4-a2cd-4266-b8a4-5dbd4190b174"
            ],
            "ram": 16384,
            "region": "ewr",
            "reserved_ip_id": null,
            "script_id": "0eeabbfb-2d2f-4797-a85a-82d3e1f235bd",
            "server_status": "ok",
            "snapshot_id": null,
            "ssh_key_ids": [
              "f57eb103-38ce-4a82-a5de-3ffcf1646792"
            ],
            "status": "active",
            "tag": "advancedlsa infra",
            "timeouts": null,
            "user_data": null,
            "v6_main_ip": "",
            "v6_network": "",
            "v6_network_size": 0,
            "vcpu_count": 4
          },
          "sensitive_attributes": [],
          "private": "eyJlMmJmYjczMC1lY2FhLTExZTYtOGY4OC0zNDM2M2JjN2M0YzAiOnsiY3JlYXRlIjozNjAwMDAwMDAwMDAwLCJ1cGRhdGUiOjM2MDAwMDAwMDAwMDB9fQ==",
          "dependencies": [
            "vultr_private_network.mgmt",
            "vultr_private_network.storage",
            "vultr_private_network.tunnel",
            "vultr_ssh_key.terraform"
          ]
        }
      ]
    },
    {
      "mode": "managed",
      "type": "vultr_instance",
      "name": "storage1",
      "provider": "provider[\"registry.terraform.io/vultr/vultr\"]",
      "instances": [
        {
          "schema_version": 0,
          "attributes": {
            "activation_email": false,
            "allowed_bandwidth": 3000,
            "app_id": 0,
            "backups": "disabled",
            "backups_schedule": [],
            "date_created": "2022-01-09T20:27:39+00:00",
            "ddos_protection": false,
            "default_password": "c1V=cpd#.KBkjT[V",
            "disk": 80,
            "enable_ipv6": false,
            "enable_private_network": false,
            "features": [],
            "firewall_group_id": "",
            "gateway_v4": "45.63.20.1",
            "hostname": "ala-storage1",
            "id": "209a8c17-bb53-469f-bef3-29c6a9410737",
            "image_id": null,
            "internal_ip": "",
            "iso_id": null,
            "kvm": "https://my.vultr.com/subs/vps/novnc/api.php?data=djJ8bGVDOHZfR3AxNTFkYlU2dEtPWm5nM25GQ0J6b1VJNld80RkGvpXx06ol-QpUxLvFEhnA6N7IElPnc11bf_vyEjWPwk8v0yVSSGYhJfLYkQ7T1tq40vRkWyD1c8BiEQa9ggLAKRlOP48He447i4d6JicxYY03owS4O8sZNvJlYsk1ZUhI_ofo0dLj_oOslH_IwCVblnaZWlo99_83lcF5ER9oM6as6ao4033Ee9yQGKOnBZbM_pihxKu4jA",
            "label": "storage1",
            "main_ip": "45.63.20.88",
            "netmask_v4": "255.255.254.0",
            "os": "Rocky Linux x64",
            "os_id": 448,
            "plan": "vc2-2c-4gb",
            "power_status": "running",
            "private_network_ids": [
              "ec94cea3-8385-49dd-930c-b2f0a1304a16",
              "52bf92d4-a2cd-4266-b8a4-5dbd4190b174"
            ],
            "ram": 4096,
            "region": "ewr",
            "reserved_ip_id": null,
            "script_id": "0eeabbfb-2d2f-4797-a85a-82d3e1f235bd",
            "server_status": "ok",
            "snapshot_id": null,
            "ssh_key_ids": [
              "f57eb103-38ce-4a82-a5de-3ffcf1646792"
            ],
            "status": "active",
            "tag": "advancedlsa storage",
            "timeouts": null,
            "user_data": null,
            "v6_main_ip": "",
            "v6_network": "",
            "v6_network_size": 0,
            "vcpu_count": 2
          },
          "sensitive_attributes": [],
          "private": "eyJlMmJmYjczMC1lY2FhLTExZTYtOGY4OC0zNDM2M2JjN2M0YzAiOnsiY3JlYXRlIjozNjAwMDAwMDAwMDAwLCJ1cGRhdGUiOjM2MDAwMDAwMDAwMDB9fQ==",
          "dependencies": [
            "vultr_private_network.mgmt",
            "vultr_private_network.storage",
            "vultr_ssh_key.terraform"
          ]
        }
      ]
    },
    {
      "mode": "managed",
      "type": "vultr_private_network",
      "name": "mgmt",
      "provider": "provider[\"registry.terraform.io/vultr/vultr\"]",
      "instances": [
        {
          "schema_version": 0,
          "attributes": {
            "date_created": "2021-10-30T21:37:07+00:00",
            "description": "Management network",
            "id": "52bf92d4-a2cd-4266-b8a4-5dbd4190b174",
            "region": "ewr",
            "v4_subnet": "172.29.220.0",
            "v4_subnet_mask": 22
          },
          "sensitive_attributes": [],
          "private": "bnVsbA=="
        }
      ]
    },
    {
      "mode": "managed",
      "type": "vultr_private_network",
      "name": "mgmt2",
      "provider": "provider[\"registry.terraform.io/vultr/vultr\"]",
      "instances": [
        {
          "schema_version": 0,
          "attributes": {
            "date_created": "2021-12-05T22:09:55+00:00",
            "description": "Management network",
            "id": "e11bbba9-c00a-4e88-bf49-075b880692c3",
            "region": "ewr",
            "v4_subnet": "172.29.220.0",
            "v4_subnet_mask": 22
          },
          "sensitive_attributes": [],
          "private": "bnVsbA=="
        }
      ]
    },
    {
      "mode": "managed",
      "type": "vultr_private_network",
      "name": "storage",
      "provider": "provider[\"registry.terraform.io/vultr/vultr\"]",
      "instances": [
        {
          "schema_version": 0,
          "attributes": {
            "date_created": "2021-10-30T21:37:07+00:00",
            "description": "Storage Network",
            "id": "ec94cea3-8385-49dd-930c-b2f0a1304a16",
            "region": "ewr",
            "v4_subnet": "172.29.228.0",
            "v4_subnet_mask": 22
          },
          "sensitive_attributes": [],
          "private": "bnVsbA=="
        }
      ]
    },
    {
      "mode": "managed",
      "type": "vultr_private_network",
      "name": "tunnel",
      "provider": "provider[\"registry.terraform.io/vultr/vultr\"]",
      "instances": [
        {
          "schema_version": 0,
          "attributes": {
            "date_created": "2021-10-30T21:37:07+00:00",
            "description": "Tunnel (VXLAN) network",
            "id": "6bc8c36b-c3b1-4710-9880-c8ad4a53399c",
            "region": "ewr",
            "v4_subnet": "172.29.224.0",
            "v4_subnet_mask": 22
          },
          "sensitive_attributes": [],
          "private": "bnVsbA=="
        }
      ]
    },
    {
      "mode": "managed",
      "type": "vultr_private_network",
      "name": "tunnel2",
      "provider": "provider[\"registry.terraform.io/vultr/vultr\"]",
      "instances": [
        {
          "schema_version": 0,
          "attributes": {
            "date_created": "2021-12-05T22:09:55+00:00",
            "description": "Tunnel (VXLAN) network",
            "id": "0ccc4d19-501e-46cb-a8de-174756d233de",
            "region": "ewr",
            "v4_subnet": "172.29.224.0",
            "v4_subnet_mask": 22
          },
          "sensitive_attributes": [],
          "private": "bnVsbA=="
        }
      ]
    },
    {
      "mode": "managed",
      "type": "vultr_ssh_key",
      "name": "terraform",
      "provider": "provider[\"registry.terraform.io/vultr/vultr\"]",
      "instances": [
        {
          "schema_version": 0,
          "attributes": {
            "date_created": "2021-10-30T21:37:07+00:00",
            "id": "f57eb103-38ce-4a82-a5de-3ffcf1646792",
            "name": "advancedlsa-ed25519",
            "ssh_key": "ssh-ed25519 AAAAC3NzaC1lZDI1NTE5AAAAINjvRik77vZm9Uy8mxnQakfsWLrkpwYLoVT/TdxScoWj advancedlsa_terraform"
          },
          "sensitive_attributes": [],
          "private": "bnVsbA=="
        }
      ]
    },
    {
      "mode": "managed",
      "type": "vultr_startup_script",
      "name": "startup_ala",
      "provider": "provider[\"registry.terraform.io/vultr/vultr\"]",
      "instances": [
        {
          "schema_version": 0,
          "attributes": {
            "date_created": "2021-10-30T21:37:07+00:00",
            "date_modified": "2021-12-30T00:30:37+00:00",
            "id": "0eeabbfb-2d2f-4797-a85a-82d3e1f235bd",
            "name": "advancedlsa",
            "script": "I2RuZiAteSB1cGdyYWRlICYKIwojSE9TVE5BTUU9IiQoaG9zdG5hbWUpIgojCiNpZiBbWyAkKGhvc3RuYW1lKSA9fiBpbmZyYSBdXTsgdGhlbgojICAgIGRuZiAteSBpbnN0YWxsIGdpdC1jb3JlIGdpdCB3Z2V0IHB5dGhvbjM2IGNocm9ueSBvcGVuc3NoLXNlcnZlciBweXRob24zLWRldmVsIHN1ZG8KIyAgICBnaXQgY2xvbmUgLS1icmFuY2ggZmVhdHVyZS9yb2NreTggLS1zaW5nbGUtYnJhbmNoIGh0dHBzOi8vZ2l0aHViLmNvbS9OZWlsSGFubG9uL29wZW5zdGFjay1hbnNpYmxlLmdpdCAvb3B0L29wZW5zdGFjay1hbnNpYmxlCiNmaQojCiMjIEFsd2F5cyBzdG9wIGFuZCBtYXNrIGZpcmV3YWxsZAojc3lzdGVtY3RsIHN0b3AgZmlyZXdhbGxkCiNzeXN0ZW1jdGwgbWFzayBmaXJld2FsbGQKIwojIyBBbHdheXMgc2V0IHRvIHBlcm1pc3NpdmUuCiNzZWQgLWkgJ3MvZW5mb3JjaW5nL3Blcm1pc3NpdmUvJyAvZXRjL3N5c2NvbmZpZy9zZWxpbnV4CiNzZWQgLWkgJ3MvZW5mb3JjaW5nL3Blcm1pc3NpdmUvJyAvZXRjL3NlbGludXgvY29uZmlnCiMKIyMgRGlzYWJsZSBhZ2VudCBmb3J3YXJkaW5nLCBpbiBjYXNlIHVzZXIgZm9yd2FyZHMgYWdlbnQsIHNvIGFzIG5vdCB0byBjb25mdXNlIGFuc2libGUKI2NhdCA8PCBFT0YgfCB0ZWUgLWEgL2V0Yy9zc2gvc3NoZF9jb25maWcKI01hdGNoIFVzZXIgcm9vdAojICBBbGxvd0FnZW50Rm9yd2FyZGluZyBubwojCiNFT0YKIwojc3lzdGVtY3RsIHJlc3RhcnQgc3NoZAojCiN0b3VjaCAvZXRjL2Nsb3VkL2Nsb3VkLWluaXQuZGlzYWJsZWQgfHwgZXhpdCAxCiN0cnVlCg==",
            "type": "boot"
          },
          "sensitive_attributes": [],
          "private": "bnVsbA==",
          "dependencies": [
            "data.local_file.startup"
          ]
        }
      ]
    }
  ]
}
