{
  "version": 4,
  "terraform_version": "1.1.5",
  "serial": 558,
  "lineage": "9182161d-2dda-d6b4-a789-8481586b33b1",
  "outputs": {},
  "resources": [
    {
      "mode": "data",
      "type": "local_file",
      "name": "startup",
      "provider": "provider[\"registry.terraform.io/hashicorp/local\"]",
      "instances": [
        {
          "schema_version": 0,
          "attributes": {
            "content": "#dnf -y upgrade \u0026\n#\n#HOSTNAME=\"$(hostname)\"\n#\n#if [[ $(hostname) =~ infra ]]; then\n#    dnf -y install git-core git wget python36 chrony openssh-server python3-devel sudo\n#    git clone --branch feature/rocky8 --single-branch https://github.com/NeilHanlon/openstack-ansible.git /opt/openstack-ansible\n#fi\n#\n## Always stop and mask firewalld\n#systemctl stop firewalld\n#systemctl mask firewalld\n#\n## Always set to permissive.\n#sed -i 's/enforcing/permissive/' /etc/sysconfig/selinux\n#sed -i 's/enforcing/permissive/' /etc/selinux/config\n#\n## Disable agent forwarding, in case user forwards agent, so as not to confuse ansible\n#cat \u003c\u003c EOF | tee -a /etc/ssh/sshd_config\n#Match User root\n#  AllowAgentForwarding no\n#\n#EOF\n#\n#systemctl restart sshd\n#\n#touch /etc/cloud/cloud-init.disabled || exit 1\n#true\n",
            "content_base64": "I2RuZiAteSB1cGdyYWRlICYKIwojSE9TVE5BTUU9IiQoaG9zdG5hbWUpIgojCiNpZiBbWyAkKGhvc3RuYW1lKSA9fiBpbmZyYSBdXTsgdGhlbgojICAgIGRuZiAteSBpbnN0YWxsIGdpdC1jb3JlIGdpdCB3Z2V0IHB5dGhvbjM2IGNocm9ueSBvcGVuc3NoLXNlcnZlciBweXRob24zLWRldmVsIHN1ZG8KIyAgICBnaXQgY2xvbmUgLS1icmFuY2ggZmVhdHVyZS9yb2NreTggLS1zaW5nbGUtYnJhbmNoIGh0dHBzOi8vZ2l0aHViLmNvbS9OZWlsSGFubG9uL29wZW5zdGFjay1hbnNpYmxlLmdpdCAvb3B0L29wZW5zdGFjay1hbnNpYmxlCiNmaQojCiMjIEFsd2F5cyBzdG9wIGFuZCBtYXNrIGZpcmV3YWxsZAojc3lzdGVtY3RsIHN0b3AgZmlyZXdhbGxkCiNzeXN0ZW1jdGwgbWFzayBmaXJld2FsbGQKIwojIyBBbHdheXMgc2V0IHRvIHBlcm1pc3NpdmUuCiNzZWQgLWkgJ3MvZW5mb3JjaW5nL3Blcm1pc3NpdmUvJyAvZXRjL3N5c2NvbmZpZy9zZWxpbnV4CiNzZWQgLWkgJ3MvZW5mb3JjaW5nL3Blcm1pc3NpdmUvJyAvZXRjL3NlbGludXgvY29uZmlnCiMKIyMgRGlzYWJsZSBhZ2VudCBmb3J3YXJkaW5nLCBpbiBjYXNlIHVzZXIgZm9yd2FyZHMgYWdlbnQsIHNvIGFzIG5vdCB0byBjb25mdXNlIGFuc2libGUKI2NhdCA8PCBFT0YgfCB0ZWUgLWEgL2V0Yy9zc2gvc3NoZF9jb25maWcKI01hdGNoIFVzZXIgcm9vdAojICBBbGxvd0FnZW50Rm9yd2FyZGluZyBubwojCiNFT0YKIwojc3lzdGVtY3RsIHJlc3RhcnQgc3NoZAojCiN0b3VjaCAvZXRjL2Nsb3VkL2Nsb3VkLWluaXQuZGlzYWJsZWQgfHwgZXhpdCAxCiN0cnVlCg==",
            "filename": "./files/startup.sh",
            "id": "5f996b64baace058772b3b1aa86db83787468974"
          },
          "sensitive_attributes": []
        }
      ]
    },
    {
      "mode": "data",
      "type": "vultr_startup_script",
      "name": "script",
      "provider": "provider[\"registry.terraform.io/vultr/vultr\"]",
      "instances": [
        {
          "schema_version": 0,
          "attributes": {
            "date_created": "2021-10-30T21:37:07+00:00",
            "date_modified": "2021-12-30T00:30:37+00:00",
            "filter": [
              {
                "name": "name",
                "values": [
                  "advancedlsa"
                ]
              }
            ],
            "id": "0eeabbfb-2d2f-4797-a85a-82d3e1f235bd",
            "name": "advancedlsa",
            "script": "I2RuZiAteSB1cGdyYWRlICYKIwojSE9TVE5BTUU9IiQoaG9zdG5hbWUpIgojCiNpZiBbWyAkKGhvc3RuYW1lKSA9fiBpbmZyYSBdXTsgdGhlbgojICAgIGRuZiAteSBpbnN0YWxsIGdpdC1jb3JlIGdpdCB3Z2V0IHB5dGhvbjM2IGNocm9ueSBvcGVuc3NoLXNlcnZlciBweXRob24zLWRldmVsIHN1ZG8KIyAgICBnaXQgY2xvbmUgLS1icmFuY2ggZmVhdHVyZS9yb2NreTggLS1zaW5nbGUtYnJhbmNoIGh0dHBzOi8vZ2l0aHViLmNvbS9OZWlsSGFubG9uL29wZW5zdGFjay1hbnNpYmxlLmdpdCAvb3B0L29wZW5zdGFjay1hbnNpYmxlCiNmaQojCiMjIEFsd2F5cyBzdG9wIGFuZCBtYXNrIGZpcmV3YWxsZAojc3lzdGVtY3RsIHN0b3AgZmlyZXdhbGxkCiNzeXN0ZW1jdGwgbWFzayBmaXJld2FsbGQKIwojIyBBbHdheXMgc2V0IHRvIHBlcm1pc3NpdmUuCiNzZWQgLWkgJ3MvZW5mb3JjaW5nL3Blcm1pc3NpdmUvJyAvZXRjL3N5c2NvbmZpZy9zZWxpbnV4CiNzZWQgLWkgJ3MvZW5mb3JjaW5nL3Blcm1pc3NpdmUvJyAvZXRjL3NlbGludXgvY29uZmlnCiMKIyMgRGlzYWJsZSBhZ2VudCBmb3J3YXJkaW5nLCBpbiBjYXNlIHVzZXIgZm9yd2FyZHMgYWdlbnQsIHNvIGFzIG5vdCB0byBjb25mdXNlIGFuc2libGUKI2NhdCA8PCBFT0YgfCB0ZWUgLWEgL2V0Yy9zc2gvc3NoZF9jb25maWcKI01hdGNoIFVzZXIgcm9vdAojICBBbGxvd0FnZW50Rm9yd2FyZGluZyBubwojCiNFT0YKIwojc3lzdGVtY3RsIHJlc3RhcnQgc3NoZAojCiN0b3VjaCAvZXRjL2Nsb3VkL2Nsb3VkLWluaXQuZGlzYWJsZWQgfHwgZXhpdCAxCiN0cnVlCg==",
            "type": "boot"
          },
          "sensitive_attributes": []
        }
      ]
    },
    {
      "mode": "managed",
      "type": "vultr_block_storage",
      "name": "cinder",
      "provider": "provider[\"registry.terraform.io/vultr/vultr\"]",
      "instances": [
        {
          "schema_version": 0,
          "attributes": {
            "attached_to_instance": "bc723c9c-eae5-4f9b-9554-95d2924aaaca",
            "cost": 10,
            "date_created": "2022-02-07T21:46:11+00:00",
            "id": "310f2d34-3d2a-43df-99b4-b773a38236ce",
            "label": "ala-storage-cinder",
            "live": false,
            "mount_id": "ewr-310f2d343d2a43",
            "region": "ewr",
            "size_gb": 100,
            "status": "active"
          },
          "sensitive_attributes": [],
          "private": "bnVsbA==",
          "dependencies": [
            "vultr_instance.storage1",
            "vultr_private_network.mgmt",
            "vultr_private_network.storage",
            "vultr_ssh_key.terraform"
          ]
        }
      ]
    },
    {
      "mode": "managed",
      "type": "vultr_block_storage",
      "name": "cinder-aio",
      "provider": "provider[\"registry.terraform.io/vultr/vultr\"]",
      "instances": [
        {
          "schema_version": 0,
          "attributes": {
            "attached_to_instance": "c0d2a6f1-160d-49a6-9f4c-064fd13f5763",
            "cost": 10,
            "date_created": "2022-01-10T04:36:55+00:00",
            "id": "32fdc5e6-923d-4759-b6d3-f322a7b4060f",
            "label": "ala-storage-cinder-aio",
            "live": false,
            "mount_id": "ewr-32fdc5e6923d47",
            "region": "ewr",
            "size_gb": 100,
            "status": "active"
          },
          "sensitive_attributes": [],
          "private": "bnVsbA==",
          "dependencies": [
            "vultr_instance.aio1",
            "vultr_private_network.mgmt2",
            "vultr_ssh_key.terraform"
          ]
        }
      ]
    },
    {
      "mode": "managed",
      "type": "vultr_block_storage",
      "name": "cinder-aio2",
      "provider": "provider[\"registry.terraform.io/vultr/vultr\"]",
      "instances": [
        {
          "schema_version": 0,
          "attributes": {
            "attached_to_instance": "acc242da-c48f-4f36-8c7d-8f3e63cb805b",
            "cost": 10,
            "date_created": "2022-01-26T02:07:06+00:00",
            "id": "54637727-2eeb-49fd-90dc-10c84f8db98a",
            "label": "ala-storage-cinder-aio",
            "live": false,
            "mount_id": "ewr-546377272eeb49",
            "region": "ewr",
            "size_gb": 100,
            "status": "active"
          },
          "sensitive_attributes": [],
          "private": "bnVsbA==",
          "dependencies": [
            "vultr_instance.aio2",
            "vultr_private_network.mgmt2",
            "vultr_ssh_key.terraform"
          ]
        }
      ]
    },
    {
      "mode": "managed",
      "type": "vultr_block_storage",
      "name": "cinder-aio3",
      "provider": "provider[\"registry.terraform.io/vultr/vultr\"]",
      "instances": [
        {
          "schema_version": 0,
          "attributes": {
            "attached_to_instance": "f569916f-3b07-454f-b45e-02e51dcc2493",
            "cost": 10,
            "date_created": "2022-02-06T20:01:23+00:00",
            "id": "2cf2e1a9-9a53-430a-b67a-c15171ea0a40",
            "label": "ala-storage-cinder-aio",
            "live": false,
            "mount_id": "ewr-2cf2e1a99a5343",
            "region": "ewr",
            "size_gb": 100,
            "status": "active"
          },
          "sensitive_attributes": [],
          "private": "bnVsbA==",
          "dependencies": [
            "vultr_instance.aio3",
            "vultr_private_network.mgmt2",
            "vultr_ssh_key.terraform"
          ]
        }
      ]
    },
    {
      "mode": "managed",
      "type": "vultr_block_storage",
      "name": "cinder-aio4",
      "provider": "provider[\"registry.terraform.io/vultr/vultr\"]",
      "instances": [
        {
          "schema_version": 0,
          "attributes": {
            "attached_to_instance": "e84fb371-83e3-481d-b78b-d82fc6f2e8a8",
            "cost": 10,
            "date_created": "2022-02-06T23:43:40+00:00",
            "id": "edbfad6e-1087-4e65-8279-357063c253f8",
            "label": "ala-storage-cinder-aio",
            "live": false,
            "mount_id": "ewr-edbfad6e10874e",
            "region": "ewr",
            "size_gb": 100,
            "status": "active"
          },
          "sensitive_attributes": [],
          "private": "bnVsbA==",
          "dependencies": [
            "vultr_instance.aio4",
            "vultr_private_network.mgmt2",
            "vultr_ssh_key.terraform"
          ]
        }
      ]
    },
    {
      "mode": "managed",
      "type": "vultr_instance",
      "name": "aio1",
      "provider": "provider[\"registry.terraform.io/vultr/vultr\"]",
      "instances": [
        {
          "schema_version": 0,
          "attributes": {
            "activation_email": false,
            "allowed_bandwidth": 4000,
            "app_id": 0,
            "backups": "disabled",
            "backups_schedule": [],
            "date_created": "2022-02-04T04:02:24+00:00",
            "ddos_protection": false,
            "default_password": "!1Dz3z$#h_%Uq=8_",
            "disk": 160,
            "enable_ipv6": false,
            "enable_private_network": false,
            "features": [],
            "firewall_group_id": "",
            "gateway_v4": "140.82.40.1",
            "hostname": "ala-aio1",
            "id": "c0d2a6f1-160d-49a6-9f4c-064fd13f5763",
            "image_id": null,
            "internal_ip": "172.29.220.3",
            "iso_id": null,
            "kvm": "https://my.vultr.com/subs/vps/novnc/api.php?data=djJ8UTM1bENHRjhiNG5LMnFkMWFWVlRxeU5EUERnUVBCa0Z8oMF6IjCl3pwoUw6oJ-6kG-zljg3-s1GhSTYafr7MdAghAEzKBS7yzgqDFDiii8l3__SNeMYHKxgGJEPbkxArxiDGtAykMfvfqID4vjVdGEKau3BohqkZOIRUWUFx7TqPWuhrh4fHj_1Dg4U-cEVNnwMYVa7sIXtFwAPJPbVuiey8PnbSUWMrW7cs-Y1ufFO-w9Ew-Y2V",
            "label": "aio1",
            "main_ip": "140.82.41.130",
            "netmask_v4": "255.255.254.0",
            "os": "Rocky Linux x64",
            "os_id": 448,
            "plan": "vc2-4c-8gb",
            "power_status": "running",
            "private_network_ids": [
              "e11bbba9-c00a-4e88-bf49-075b880692c3"
            ],
            "ram": 8192,
            "region": "ewr",
            "reserved_ip_id": null,
            "script_id": "0eeabbfb-2d2f-4797-a85a-82d3e1f235bd",
            "server_status": "ok",
            "snapshot_id": null,
            "ssh_key_ids": [
              "f57eb103-38ce-4a82-a5de-3ffcf1646792"
            ],
            "status": "active",
            "tag": "advancedlsa aio",
            "timeouts": null,
            "user_data": null,
            "v6_main_ip": "",
            "v6_network": "",
            "v6_network_size": 0,
            "vcpu_count": 4
          },
          "sensitive_attributes": [],
          "private": "eyJlMmJmYjczMC1lY2FhLTExZTYtOGY4OC0zNDM2M2JjN2M0YzAiOnsiY3JlYXRlIjozNjAwMDAwMDAwMDAwLCJ1cGRhdGUiOjM2MDAwMDAwMDAwMDB9fQ==",
          "dependencies": [
            "vultr_private_network.mgmt2",
            "vultr_ssh_key.terraform"
          ]
        }
      ]
    },
    {
      "mode": "managed",
      "type": "vultr_instance",
      "name": "aio2",
      "provider": "provider[\"registry.terraform.io/vultr/vultr\"]",
      "instances": [
        {
          "schema_version": 0,
          "attributes": {
            "activation_email": false,
            "allowed_bandwidth": 4000,
            "app_id": 0,
            "backups": "disabled",
            "backups_schedule": [],
            "date_created": "2022-02-05T22:05:46+00:00",
            "ddos_protection": false,
            "default_password": "L8[y+GY#WZyof)Km",
            "disk": 160,
            "enable_ipv6": false,
            "enable_private_network": false,
            "features": [],
            "firewall_group_id": "",
            "gateway_v4": "64.154.38.1",
            "hostname": "ala-aio2",
            "id": "acc242da-c48f-4f36-8c7d-8f3e63cb805b",
            "image_id": null,
            "internal_ip": "172.29.220.4",
            "iso_id": null,
            "kvm": "https://my.vultr.com/subs/vps/novnc/api.php?data=djJ8X3pjNmJjQnZaMklRXzk0T3FkZEswbFJXRTVrVm9BdDR8vygO3hPWj9Lgb4ge1iAEhcCDZnpBjHUzrxI1IRpzSw2TXvyV-OspydaWlj87wsDsM_3DqT6ERG26SH0sL-LDPxypBGzeh-rSEAjW-CmRDwFwi0fVC9fOnHUHmcoxed6WQXfv-QWPdQ15-msWLC7vXbUZoKEtWVRyoUbCTeZftlGdd9_sc8MswLNZrKq0rcI6nlzX0VOL",
            "label": "aio2",
            "main_ip": "64.154.38.77",
            "netmask_v4": "255.255.255.0",
            "os": "Rocky Linux x64",
            "os_id": 448,
            "plan": "vc2-4c-8gb",
            "power_status": "running",
            "private_network_ids": [
              "e11bbba9-c00a-4e88-bf49-075b880692c3"
            ],
            "ram": 8192,
            "region": "ewr",
            "reserved_ip_id": null,
            "script_id": "0eeabbfb-2d2f-4797-a85a-82d3e1f235bd",
            "server_status": "ok",
            "snapshot_id": null,
            "ssh_key_ids": [
              "f57eb103-38ce-4a82-a5de-3ffcf1646792"
            ],
            "status": "active",
            "tag": "advancedlsa aio",
            "timeouts": null,
            "user_data": null,
            "v6_main_ip": "",
            "v6_network": "",
            "v6_network_size": 0,
            "vcpu_count": 4
          },
          "sensitive_attributes": [],
          "private": "eyJlMmJmYjczMC1lY2FhLTExZTYtOGY4OC0zNDM2M2JjN2M0YzAiOnsiY3JlYXRlIjozNjAwMDAwMDAwMDAwLCJ1cGRhdGUiOjM2MDAwMDAwMDAwMDB9fQ==",
          "dependencies": [
            "vultr_private_network.mgmt2",
            "vultr_ssh_key.terraform"
          ]
        }
      ]
    },
    {
      "mode": "managed",
      "type": "vultr_instance",
      "name": "aio3",
      "provider": "provider[\"registry.terraform.io/vultr/vultr\"]",
      "instances": [
        {
          "schema_version": 0,
          "attributes": {
            "activation_email": false,
            "allowed_bandwidth": 4000,
            "app_id": 0,
            "backups": "disabled",
            "backups_schedule": [],
            "date_created": "2022-02-06T20:03:33+00:00",
            "ddos_protection": false,
            "default_password": "Jz9-.S]CW,C,4(SZ",
            "disk": 160,
            "enable_ipv6": false,
            "enable_private_network": false,
            "features": [],
            "firewall_group_id": "",
            "gateway_v4": "45.32.5.1",
            "hostname": "ala-aio3",
            "id": "f569916f-3b07-454f-b45e-02e51dcc2493",
            "image_id": null,
            "internal_ip": "172.29.220.5",
            "iso_id": null,
            "kvm": "https://my.vultr.com/subs/vps/novnc/api.php?data=djJ8dWFwOG1QT0ozVzZacTRPZmxxT0VEaVhldW5UR3gtZDZ8yshtgBuoVy2-iHF2qlaSnWyetcSeD7AtXtYyXUldP0KRldwY_ljvnMNOkifBXyc1blPWkeIo4LFrpwTRj6saJmnOrjC132X4xZiVHJtKZdQBAzPQ8eh7mZBWZPGPn29TorALb4vQWbtXEHrXDhnvl956LJDQhq1VmUCaqkZLZ8OFnuc6gPlmB2VxN9-34mzuJdYRbuEy",
            "label": "aio3",
            "main_ip": "45.32.5.54",
            "netmask_v4": "255.255.255.0",
            "os": "Rocky Linux x64",
            "os_id": 448,
            "plan": "vc2-4c-8gb",
            "power_status": "running",
            "private_network_ids": [
              "e11bbba9-c00a-4e88-bf49-075b880692c3"
            ],
            "ram": 8192,
            "region": "ewr",
            "reserved_ip_id": null,
            "script_id": "0eeabbfb-2d2f-4797-a85a-82d3e1f235bd",
            "server_status": "ok",
            "snapshot_id": null,
            "ssh_key_ids": [
              "f57eb103-38ce-4a82-a5de-3ffcf1646792"
            ],
            "status": "active",
            "tag": "advancedlsa aio",
            "timeouts": null,
            "user_data": null,
            "v6_main_ip": "",
            "v6_network": "",
            "v6_network_size": 0,
            "vcpu_count": 4
          },
          "sensitive_attributes": [],
          "private": "eyJlMmJmYjczMC1lY2FhLTExZTYtOGY4OC0zNDM2M2JjN2M0YzAiOnsiY3JlYXRlIjozNjAwMDAwMDAwMDAwLCJ1cGRhdGUiOjM2MDAwMDAwMDAwMDB9fQ==",
          "dependencies": [
            "vultr_private_network.mgmt2",
            "vultr_ssh_key.terraform"
          ]
        }
      ]
    },
    {
      "mode": "managed",
      "type": "vultr_instance",
      "name": "aio4",
      "provider": "provider[\"registry.terraform.io/vultr/vultr\"]",
      "instances": [
        {
          "schema_version": 0,
          "attributes": {
            "activation_email": false,
            "allowed_bandwidth": 4000,
            "app_id": 0,
            "backups": "disabled",
            "backups_schedule": [],
            "date_created": "2022-02-06T23:58:24+00:00",
            "ddos_protection": false,
            "default_password": "cM%5b}c3,]WjAsEn",
            "disk": 160,
            "enable_ipv6": false,
            "enable_private_network": false,
            "features": [],
            "firewall_group_id": "",
            "gateway_v4": "207.246.90.1",
            "hostname": "ala-aio4",
            "id": "e84fb371-83e3-481d-b78b-d82fc6f2e8a8",
            "image_id": null,
            "internal_ip": "172.29.220.6",
            "iso_id": null,
            "kvm": "https://my.vultr.com/subs/vps/novnc/api.php?data=djJ8eDV3bzZZOHo4Q0JFejh1OEtyM1BNU3NTcWFsWDA4VWF8CrgZR4IgBO9LLgps3kw5B1-KaFS5q9dl_1_exgtcBhZ61LKTXIrqQpzdlmoYPbMUQm2jS9No1G6I1vBThssyo_8JIXyfFwMgIvP5roA5XUDrYgn3c5ALQDnyq-ZdnvcuPkH2IwVsz7vP58Szx048kN78X0BUmbn7iba_LnHbr_78h-r9O1LMrc1kXLUaRCOE9VNz8uI",
            "label": "aio4",
            "main_ip": "207.246.90.98",
            "netmask_v4": "255.255.254.0",
            "os": "Rocky Linux x64",
            "os_id": 448,
            "plan": "vc2-4c-8gb",
            "power_status": "running",
            "private_network_ids": [
              "e11bbba9-c00a-4e88-bf49-075b880692c3"
            ],
            "ram": 8192,
            "region": "ewr",
            "reserved_ip_id": null,
            "script_id": "0eeabbfb-2d2f-4797-a85a-82d3e1f235bd",
            "server_status": "ok",
            "snapshot_id": null,
            "ssh_key_ids": [
              "f57eb103-38ce-4a82-a5de-3ffcf1646792"
            ],
            "status": "active",
            "tag": "advancedlsa aio",
            "timeouts": null,
            "user_data": null,
            "v6_main_ip": "",
            "v6_network": "",
            "v6_network_size": 0,
            "vcpu_count": 4
          },
          "sensitive_attributes": [],
          "private": "eyJlMmJmYjczMC1lY2FhLTExZTYtOGY4OC0zNDM2M2JjN2M0YzAiOnsiY3JlYXRlIjozNjAwMDAwMDAwMDAwLCJ1cGRhdGUiOjM2MDAwMDAwMDAwMDB9fQ==",
          "dependencies": [
            "vultr_private_network.mgmt2",
            "vultr_ssh_key.terraform"
          ]
        }
      ]
    },
    {
      "mode": "managed",
      "type": "vultr_instance",
      "name": "compute1",
      "provider": "provider[\"registry.terraform.io/vultr/vultr\"]",
      "instances": [
        {
          "status": "tainted",
          "schema_version": 0,
          "attributes": {
            "activation_email": false,
            "allowed_bandwidth": 10000,
            "app_id": 0,
            "backups": "disabled",
            "backups_schedule": [],
            "date_created": "2022-02-07T22:48:54+00:00",
            "ddos_protection": false,
            "default_password": "]P6j_Mro!?kgn?[)",
            "disk": 110,
            "enable_ipv6": false,
            "enable_private_network": false,
            "features": [],
            "firewall_group_id": "",
            "gateway_v4": "149.28.234.1",
            "hostname": "ala-compute1",
            "id": "82183496-739f-4f76-b3d2-7b6caa5b4784",
            "image_id": null,
            "internal_ip": "",
            "iso_id": null,
            "kvm": "https://my.vultr.com/subs/vps/novnc/api.php?data=djJ8MlBOTndGVVU5VlJ3OGd2eDU2WkhyZlNOck00WFo2c0h8Gta2M15iTVao1LILTrpb9c0967yqjOYLYBPfxRJ1NeFf8ogYrX2mp8Zg5r0GJMbQSJW9eAYRerQRMFUouVw6o0A8wsQZ2UGToNQdfL2bF6htNZ6Tyy3SiMYfE4LhGhb7X814MlAQk89jMjLuIJ59O6H6wUALBUyjm5NBw7U7_2FjRoStMtLko1djMPqmaQdytjCk3-Faa8Zsiw",
            "label": "compute1",
            "main_ip": "149.28.235.72",
            "netmask_v4": "255.255.254.0",
            "os": "Rocky Linux x64",
            "os_id": 448,
            "plan": "vdc-2c-8gb",
            "power_status": "running",
            "private_network_ids": [
              "6bc8c36b-c3b1-4710-9880-c8ad4a53399c",
              "ec94cea3-8385-49dd-930c-b2f0a1304a16",
              "52bf92d4-a2cd-4266-b8a4-5dbd4190b174"
            ],
            "ram": 8192,
            "region": "ewr",
            "reserved_ip_id": null,
            "script_id": "0eeabbfb-2d2f-4797-a85a-82d3e1f235bd",
            "server_status": "ok",
            "snapshot_id": null,
            "ssh_key_ids": [
              "f57eb103-38ce-4a82-a5de-3ffcf1646792"
            ],
            "status": "active",
            "tag": "advancedlsa compute",
            "timeouts": null,
            "user_data": null,
            "v6_main_ip": "",
            "v6_network": "",
            "v6_network_size": 0,
            "vcpu_count": 2
          },
          "sensitive_attributes": [],
          "private": "eyJlMmJmYjczMC1lY2FhLTExZTYtOGY4OC0zNDM2M2JjN2M0YzAiOnsiY3JlYXRlIjozNjAwMDAwMDAwMDAwLCJ1cGRhdGUiOjM2MDAwMDAwMDAwMDB9fQ==",
          "dependencies": [
            "vultr_private_network.mgmt",
            "vultr_private_network.storage",
            "vultr_private_network.tunnel",
            "vultr_ssh_key.terraform"
          ]
        }
      ]
    },
    {
      "mode": "managed",
      "type": "vultr_instance",
      "name": "infra1",
      "provider": "provider[\"registry.terraform.io/vultr/vultr\"]",
      "instances": [
        {
          "status": "tainted",
          "schema_version": 0,
          "attributes": {
            "activation_email": false,
            "allowed_bandwidth": 20000,
            "app_id": 0,
            "backups": "disabled",
            "backups_schedule": [],
            "date_created": "2022-02-07T22:48:54+00:00",
            "ddos_protection": false,
            "default_password": "_2tWg3KQqKoCPsa{",
            "disk": 110,
            "enable_ipv6": false,
            "enable_private_network": false,
            "features": [],
            "firewall_group_id": "",
            "gateway_v4": "207.148.22.1",
            "hostname": "ala-infra1",
            "id": "3ed345db-7bb6-4865-b958-8afe2df67235",
            "image_id": null,
            "internal_ip": "",
            "iso_id": null,
            "kvm": "https://my.vultr.com/subs/vps/novnc/api.php?data=djJ8aW9sc210Nl80Mi1fUnVGRlRGNXpOaW5GTUR1NmhJQWt8dAmz-C5jKXjf-Vr4r8AYGmc86FbXX3LNN0NDF-nmtQI4ZAdQO2B9wZjVUe50FmM-tB3hnbj78H-Zqa4XPtAlIgCIbBLUQktIf7B5LyIdmdzaF70iPUNA0PcRrzToZvqtDjNZx8Od5VlmGgpnsnM9PTK2OhYk_3FIVE_7hZenxVDbhLiSEKTPIpWJwYlOjFdpGQEHUDcHwcY",
            "label": "infra1",
            "main_ip": "207.148.23.90",
            "netmask_v4": "255.255.254.0",
            "os": "Rocky Linux x64",
            "os_id": 448,
            "plan": "vdc-4c-16gb",
            "power_status": "running",
            "private_network_ids": [
              "6bc8c36b-c3b1-4710-9880-c8ad4a53399c",
              "ec94cea3-8385-49dd-930c-b2f0a1304a16",
              "52bf92d4-a2cd-4266-b8a4-5dbd4190b174"
            ],
            "ram": 16384,
            "region": "ewr",
            "reserved_ip_id": null,
            "script_id": "0eeabbfb-2d2f-4797-a85a-82d3e1f235bd",
            "server_status": "ok",
            "snapshot_id": null,
            "ssh_key_ids": [
              "f57eb103-38ce-4a82-a5de-3ffcf1646792"
            ],
            "status": "active",
            "tag": "advancedlsa infra",
            "timeouts": null,
            "user_data": null,
            "v6_main_ip": "",
            "v6_network": "",
            "v6_network_size": 0,
            "vcpu_count": 4
          },
          "sensitive_attributes": [],
          "private": "eyJlMmJmYjczMC1lY2FhLTExZTYtOGY4OC0zNDM2M2JjN2M0YzAiOnsiY3JlYXRlIjozNjAwMDAwMDAwMDAwLCJ1cGRhdGUiOjM2MDAwMDAwMDAwMDB9fQ==",
          "dependencies": [
            "vultr_private_network.mgmt",
            "vultr_private_network.storage",
            "vultr_private_network.tunnel",
            "vultr_ssh_key.terraform"
          ]
        }
      ]
    },
    {
      "mode": "managed",
      "type": "vultr_instance",
      "name": "storage1",
      "provider": "provider[\"registry.terraform.io/vultr/vultr\"]",
      "instances": [
        {
          "status": "tainted",
          "schema_version": 0,
          "attributes": {
            "activation_email": false,
            "allowed_bandwidth": 3000,
            "app_id": 0,
            "backups": "disabled",
            "backups_schedule": [],
            "date_created": "2022-02-07T22:48:54+00:00",
            "ddos_protection": false,
            "default_password": "3R]o9r[orgrQ7Y3H",
            "disk": 80,
            "enable_ipv6": false,
            "enable_private_network": false,
            "features": [],
            "firewall_group_id": "",
            "gateway_v4": "104.238.128.1",
            "hostname": "ala-storage1",
            "id": "bc723c9c-eae5-4f9b-9554-95d2924aaaca",
            "image_id": null,
            "internal_ip": "",
            "iso_id": null,
            "kvm": "https://my.vultr.com/subs/vps/novnc/api.php?data=djJ8bWRlb1JYYS1kTEJ6Vi1iaGJfRlVONkNnU3J4OERXcVp8BWXjYiqhMKEQTKYavXHPm-IqWcfayCbCJgSpwbDY4cysstheJQZW68OS38WJp2ag3ldR9zkShQxG7zeIh6cvHSyF-c6S3-gFPHOvqmS3cyNRcfdplBQThjzqYiwc1xekAaWUanop31WolmlGz0g89fP2tp3OIuNLdw0zhJRYERgp_QY08XyU6TATsZZifdFu8JXNAsED7vcaNw",
            "label": "storage1",
            "main_ip": "104.238.130.249",
            "netmask_v4": "255.255.252.0",
            "os": "Rocky Linux x64",
            "os_id": 448,
            "plan": "vc2-2c-4gb",
            "power_status": "running",
            "private_network_ids": [
              "ec94cea3-8385-49dd-930c-b2f0a1304a16",
              "52bf92d4-a2cd-4266-b8a4-5dbd4190b174"
            ],
            "ram": 4096,
            "region": "ewr",
            "reserved_ip_id": null,
            "script_id": "0eeabbfb-2d2f-4797-a85a-82d3e1f235bd",
            "server_status": "ok",
            "snapshot_id": null,
            "ssh_key_ids": [
              "f57eb103-38ce-4a82-a5de-3ffcf1646792"
            ],
            "status": "active",
            "tag": "advancedlsa storage",
            "timeouts": null,
            "user_data": null,
            "v6_main_ip": "",
            "v6_network": "",
            "v6_network_size": 0,
            "vcpu_count": 2
          },
          "sensitive_attributes": [],
          "private": "eyJlMmJmYjczMC1lY2FhLTExZTYtOGY4OC0zNDM2M2JjN2M0YzAiOnsiY3JlYXRlIjozNjAwMDAwMDAwMDAwLCJ1cGRhdGUiOjM2MDAwMDAwMDAwMDB9fQ==",
          "dependencies": [
            "vultr_private_network.mgmt",
            "vultr_private_network.storage",
            "vultr_ssh_key.terraform"
          ]
        }
      ]
    },
    {
      "mode": "managed",
      "type": "vultr_private_network",
      "name": "mgmt",
      "provider": "provider[\"registry.terraform.io/vultr/vultr\"]",
      "instances": [
        {
          "schema_version": 0,
          "attributes": {
            "date_created": "2021-10-30T21:37:07+00:00",
            "description": "Management network",
            "id": "52bf92d4-a2cd-4266-b8a4-5dbd4190b174",
            "region": "ewr",
            "v4_subnet": "172.29.220.0",
            "v4_subnet_mask": 22
          },
          "sensitive_attributes": [],
          "private": "bnVsbA=="
        }
      ]
    },
    {
      "mode": "managed",
      "type": "vultr_private_network",
      "name": "mgmt2",
      "provider": "provider[\"registry.terraform.io/vultr/vultr\"]",
      "instances": [
        {
          "schema_version": 0,
          "attributes": {
            "date_created": "2021-12-05T22:09:55+00:00",
            "description": "Management network",
            "id": "e11bbba9-c00a-4e88-bf49-075b880692c3",
            "region": "ewr",
            "v4_subnet": "172.29.220.0",
            "v4_subnet_mask": 22
          },
          "sensitive_attributes": [],
          "private": "bnVsbA=="
        }
      ]
    },
    {
      "mode": "managed",
      "type": "vultr_private_network",
      "name": "storage",
      "provider": "provider[\"registry.terraform.io/vultr/vultr\"]",
      "instances": [
        {
          "schema_version": 0,
          "attributes": {
            "date_created": "2021-10-30T21:37:07+00:00",
            "description": "Storage Network",
            "id": "ec94cea3-8385-49dd-930c-b2f0a1304a16",
            "region": "ewr",
            "v4_subnet": "172.29.228.0",
            "v4_subnet_mask": 22
          },
          "sensitive_attributes": [],
          "private": "bnVsbA=="
        }
      ]
    },
    {
      "mode": "managed",
      "type": "vultr_private_network",
      "name": "tunnel",
      "provider": "provider[\"registry.terraform.io/vultr/vultr\"]",
      "instances": [
        {
          "schema_version": 0,
          "attributes": {
            "date_created": "2021-10-30T21:37:07+00:00",
            "description": "Tunnel (VXLAN) network",
            "id": "6bc8c36b-c3b1-4710-9880-c8ad4a53399c",
            "region": "ewr",
            "v4_subnet": "172.29.224.0",
            "v4_subnet_mask": 22
          },
          "sensitive_attributes": [],
          "private": "bnVsbA=="
        }
      ]
    },
    {
      "mode": "managed",
      "type": "vultr_private_network",
      "name": "tunnel2",
      "provider": "provider[\"registry.terraform.io/vultr/vultr\"]",
      "instances": [
        {
          "schema_version": 0,
          "attributes": {
            "date_created": "2021-12-05T22:09:55+00:00",
            "description": "Tunnel (VXLAN) network",
            "id": "0ccc4d19-501e-46cb-a8de-174756d233de",
            "region": "ewr",
            "v4_subnet": "172.29.224.0",
            "v4_subnet_mask": 22
          },
          "sensitive_attributes": [],
          "private": "bnVsbA=="
        }
      ]
    },
    {
      "mode": "managed",
      "type": "vultr_ssh_key",
      "name": "terraform",
      "provider": "provider[\"registry.terraform.io/vultr/vultr\"]",
      "instances": [
        {
          "schema_version": 0,
          "attributes": {
            "date_created": "2021-10-30T21:37:07+00:00",
            "id": "f57eb103-38ce-4a82-a5de-3ffcf1646792",
            "name": "advancedlsa-ed25519",
            "ssh_key": "ssh-ed25519 AAAAC3NzaC1lZDI1NTE5AAAAINjvRik77vZm9Uy8mxnQakfsWLrkpwYLoVT/TdxScoWj advancedlsa_terraform"
          },
          "sensitive_attributes": [],
          "private": "bnVsbA=="
        }
      ]
    },
    {
      "mode": "managed",
      "type": "vultr_startup_script",
      "name": "startup_ala",
      "provider": "provider[\"registry.terraform.io/vultr/vultr\"]",
      "instances": [
        {
          "schema_version": 0,
          "attributes": {
            "date_created": "2021-10-30T21:37:07+00:00",
            "date_modified": "2021-12-30T00:30:37+00:00",
            "id": "0eeabbfb-2d2f-4797-a85a-82d3e1f235bd",
            "name": "advancedlsa",
            "script": "I2RuZiAteSB1cGdyYWRlICYKIwojSE9TVE5BTUU9IiQoaG9zdG5hbWUpIgojCiNpZiBbWyAkKGhvc3RuYW1lKSA9fiBpbmZyYSBdXTsgdGhlbgojICAgIGRuZiAteSBpbnN0YWxsIGdpdC1jb3JlIGdpdCB3Z2V0IHB5dGhvbjM2IGNocm9ueSBvcGVuc3NoLXNlcnZlciBweXRob24zLWRldmVsIHN1ZG8KIyAgICBnaXQgY2xvbmUgLS1icmFuY2ggZmVhdHVyZS9yb2NreTggLS1zaW5nbGUtYnJhbmNoIGh0dHBzOi8vZ2l0aHViLmNvbS9OZWlsSGFubG9uL29wZW5zdGFjay1hbnNpYmxlLmdpdCAvb3B0L29wZW5zdGFjay1hbnNpYmxlCiNmaQojCiMjIEFsd2F5cyBzdG9wIGFuZCBtYXNrIGZpcmV3YWxsZAojc3lzdGVtY3RsIHN0b3AgZmlyZXdhbGxkCiNzeXN0ZW1jdGwgbWFzayBmaXJld2FsbGQKIwojIyBBbHdheXMgc2V0IHRvIHBlcm1pc3NpdmUuCiNzZWQgLWkgJ3MvZW5mb3JjaW5nL3Blcm1pc3NpdmUvJyAvZXRjL3N5c2NvbmZpZy9zZWxpbnV4CiNzZWQgLWkgJ3MvZW5mb3JjaW5nL3Blcm1pc3NpdmUvJyAvZXRjL3NlbGludXgvY29uZmlnCiMKIyMgRGlzYWJsZSBhZ2VudCBmb3J3YXJkaW5nLCBpbiBjYXNlIHVzZXIgZm9yd2FyZHMgYWdlbnQsIHNvIGFzIG5vdCB0byBjb25mdXNlIGFuc2libGUKI2NhdCA8PCBFT0YgfCB0ZWUgLWEgL2V0Yy9zc2gvc3NoZF9jb25maWcKI01hdGNoIFVzZXIgcm9vdAojICBBbGxvd0FnZW50Rm9yd2FyZGluZyBubwojCiNFT0YKIwojc3lzdGVtY3RsIHJlc3RhcnQgc3NoZAojCiN0b3VjaCAvZXRjL2Nsb3VkL2Nsb3VkLWluaXQuZGlzYWJsZWQgfHwgZXhpdCAxCiN0cnVlCg==",
            "type": "boot"
          },
          "sensitive_attributes": [],
          "private": "bnVsbA==",
          "dependencies": [
            "data.local_file.startup"
          ]
        }
      ]
    }
  ]
}
